// !$*UTF8*$!
{
	archiveVersion = 1;
	classes = {
	};
	objectVersion = 46;
	objects = {

/* Begin PBXBuildFile section */
		3204386D1CEEF3E9006806EC /* YJArraySequence.m in Sources */ = {isa = PBXBuildFile; fileRef = 3204386C1CEEF3E9006806EC /* YJArraySequence.m */; };
		320438721CEF14EC006806EC /* YJGeneralTest.m in Sources */ = {isa = PBXBuildFile; fileRef = 320438711CEF14EC006806EC /* YJGeneralTest.m */; };
		3204F0C01CACA98D006282DF /* Octocat.png in Resources */ = {isa = PBXBuildFile; fileRef = 3204F0BF1CACA98D006282DF /* Octocat.png */; };
		3204F0D41CACBF1C006282DF /* LaunchScreen.xib in Resources */ = {isa = PBXBuildFile; fileRef = 3204F0D31CACBF1C006282DF /* LaunchScreen.xib */; };
		32058DCB1CDDC4FC006AE929 /* YJMaskViewController.xib in Resources */ = {isa = PBXBuildFile; fileRef = 32058DCA1CDDC4FC006AE929 /* YJMaskViewController.xib */; };
		320A97EF1CA9493800485B9A /* AFTCameraUI.bundle in Resources */ = {isa = PBXBuildFile; fileRef = 320A97EE1CA9493800485B9A /* AFTCameraUI.bundle */; };
		3238B26E1CE1FDF50018D1F0 /* YJMaskTableViewController.m in Sources */ = {isa = PBXBuildFile; fileRef = 3238B26D1CE1FDF50018D1F0 /* YJMaskTableViewController.m */; };
		324AB0A01CD1C6EE00A9DCF0 /* YJMaskViewController.m in Sources */ = {isa = PBXBuildFile; fileRef = 324AB09F1CD1C6EE00A9DCF0 /* YJMaskViewController.m */; };
		324AB0A81CD1EE8C00A9DCF0 /* Puppy.jpg in Resources */ = {isa = PBXBuildFile; fileRef = 324AB0A71CD1EE8C00A9DCF0 /* Puppy.jpg */; };
		326388EF1CF2B3390026BED8 /* AVCaptureSession+YJCategory.m in Sources */ = {isa = PBXBuildFile; fileRef = 326388681CF2B3390026BED8 /* AVCaptureSession+YJCategory.m */; };
		326389001CF2B3390026BED8 /* YJGeometryExtension.c in Sources */ = {isa = PBXBuildFile; fileRef = 3263889D1CF2B3390026BED8 /* YJGeometryExtension.c */; };
		326389011CF2B3390026BED8 /* UIActionSheet+YJBlockBased.m in Sources */ = {isa = PBXBuildFile; fileRef = 326388A31CF2B3390026BED8 /* UIActionSheet+YJBlockBased.m */; };
		326389021CF2B3390026BED8 /* UIAlertView+YJBlockBased.m in Sources */ = {isa = PBXBuildFile; fileRef = 326388A51CF2B3390026BED8 /* UIAlertView+YJBlockBased.m */; };
		326389031CF2B3390026BED8 /* UIBarButtonItem+YJBlockBased.m in Sources */ = {isa = PBXBuildFile; fileRef = 326388A71CF2B3390026BED8 /* UIBarButtonItem+YJBlockBased.m */; };
		326389041CF2B3390026BED8 /* UIColor+YJCategory.m in Sources */ = {isa = PBXBuildFile; fileRef = 326388A91CF2B3390026BED8 /* UIColor+YJCategory.m */; };
		326389051CF2B3390026BED8 /* UIControl+YJBlockBased.m in Sources */ = {isa = PBXBuildFile; fileRef = 326388AB1CF2B3390026BED8 /* UIControl+YJBlockBased.m */; };
		326389061CF2B3390026BED8 /* UIDevice+YJCategory.m in Sources */ = {isa = PBXBuildFile; fileRef = 326388AD1CF2B3390026BED8 /* UIDevice+YJCategory.m */; };
		326389071CF2B3390026BED8 /* UIGestureRecognizer+YJBlockBased.m in Sources */ = {isa = PBXBuildFile; fileRef = 326388AF1CF2B3390026BED8 /* UIGestureRecognizer+YJBlockBased.m */; };
		326389081CF2B3390026BED8 /* UIImage+YJCategory.m in Sources */ = {isa = PBXBuildFile; fileRef = 326388B11CF2B3390026BED8 /* UIImage+YJCategory.m */; };
		326389091CF2B3390026BED8 /* UIImageView+YJGeometryExtension.m in Sources */ = {isa = PBXBuildFile; fileRef = 326388B31CF2B3390026BED8 /* UIImageView+YJGeometryExtension.m */; };
		3263890A1CF2B3390026BED8 /* UIScreen+YJCategory.m in Sources */ = {isa = PBXBuildFile; fileRef = 326388B51CF2B3390026BED8 /* UIScreen+YJCategory.m */; };
		3263890B1CF2B3390026BED8 /* UIView+YJCategory.m in Sources */ = {isa = PBXBuildFile; fileRef = 326388B71CF2B3390026BED8 /* UIView+YJCategory.m */; };
		3263890C1CF2B3390026BED8 /* _YJAlertDelegate.m in Sources */ = {isa = PBXBuildFile; fileRef = 326388BA1CF2B3390026BED8 /* _YJAlertDelegate.m */; };
		3263890D1CF2B3390026BED8 /* RGBColor.m in Sources */ = {isa = PBXBuildFile; fileRef = 326388BE1CF2B3390026BED8 /* RGBColor.m */; };
		3263890F1CF2B3390026BED8 /* YJContentIndents.m in Sources */ = {isa = PBXBuildFile; fileRef = 326388C21CF2B3390026BED8 /* YJContentIndents.m */; };
		326389101CF2B3390026BED8 /* CAShapeLayer+YJLayerBasedMasking.m in Sources */ = {isa = PBXBuildFile; fileRef = 326388CC1CF2B3390026BED8 /* CAShapeLayer+YJLayerBasedMasking.m */; };
		326389111CF2B3390026BED8 /* UIBezierPath+YJLayerBasedMasking.m in Sources */ = {isa = PBXBuildFile; fileRef = 326388CE1CF2B3390026BED8 /* UIBezierPath+YJLayerBasedMasking.m */; };
		326389121CF2B3390026BED8 /* YJCircularImageView.m in Sources */ = {isa = PBXBuildFile; fileRef = 326388D21CF2B3390026BED8 /* YJCircularImageView.m */; };
		326389131CF2B3390026BED8 /* YJMaskedImageView.m in Sources */ = {isa = PBXBuildFile; fileRef = 326388D41CF2B3390026BED8 /* YJMaskedImageView.m */; };
		326389141CF2B3390026BED8 /* YJMaskedView.m in Sources */ = {isa = PBXBuildFile; fileRef = 326388D61CF2B3390026BED8 /* YJMaskedView.m */; };
		326389151CF2B3390026BED8 /* YJRoundedCornerButton.m in Sources */ = {isa = PBXBuildFile; fileRef = 326388D81CF2B3390026BED8 /* YJRoundedCornerButton.m */; };
		326389161CF2B3390026BED8 /* YJRoundedCornerImageView.m in Sources */ = {isa = PBXBuildFile; fileRef = 326388DA1CF2B3390026BED8 /* YJRoundedCornerImageView.m */; };
		326389171CF2B3390026BED8 /* YJRoundedCornerLabel.m in Sources */ = {isa = PBXBuildFile; fileRef = 326388DC1CF2B3390026BED8 /* YJRoundedCornerLabel.m */; };
		326389181CF2B3390026BED8 /* YJRoundedCornerTextView.m in Sources */ = {isa = PBXBuildFile; fileRef = 326388DE1CF2B3390026BED8 /* YJRoundedCornerTextView.m */; };
		326389191CF2B3390026BED8 /* YJRoundedCornerView.m in Sources */ = {isa = PBXBuildFile; fileRef = 326388E01CF2B3390026BED8 /* YJRoundedCornerView.m */; };
		3263891A1CF2B3390026BED8 /* YJSemicircularCornerButton.m in Sources */ = {isa = PBXBuildFile; fileRef = 326388E21CF2B3390026BED8 /* YJSemicircularCornerButton.m */; };
		3263891B1CF2B3390026BED8 /* YJSemicircularCornerLabel.m in Sources */ = {isa = PBXBuildFile; fileRef = 326388E41CF2B3390026BED8 /* YJSemicircularCornerLabel.m */; };
		3263891C1CF2B3390026BED8 /* YJGroupedStyleTableViewController.m in Sources */ = {isa = PBXBuildFile; fileRef = 326388E81CF2B3390026BED8 /* YJGroupedStyleTableViewController.m */; };
		3263891D1CF2B3390026BED8 /* YJMemoryCache.m in Sources */ = {isa = PBXBuildFile; fileRef = 326388EA1CF2B3390026BED8 /* YJMemoryCache.m */; };
		3263891E1CF2B3390026BED8 /* YJPhotoLibrary.m in Sources */ = {isa = PBXBuildFile; fileRef = 326388EC1CF2B3390026BED8 /* YJPhotoLibrary.m */; };
		3268A1D41CA83F5300B71E50 /* YJGeometryViewController.m in Sources */ = {isa = PBXBuildFile; fileRef = 3268A1D31CA83F5300B71E50 /* YJGeometryViewController.m */; };
		326F34931CF5459F00B2FF75 /* UITextView+YJCategory.m in Sources */ = {isa = PBXBuildFile; fileRef = 326F34921CF5459F00B2FF75 /* UITextView+YJCategory.m */; };
		326F34BD1CF5C20F00B2FF75 /* NSArray+YJCollection.m in Sources */ = {isa = PBXBuildFile; fileRef = 326F349A1CF5C20F00B2FF75 /* NSArray+YJCollection.m */; };
		326F34BE1CF5C20F00B2FF75 /* NSArray+YJSequence.m in Sources */ = {isa = PBXBuildFile; fileRef = 326F349C1CF5C20F00B2FF75 /* NSArray+YJSequence.m */; };
		326F34BF1CF5C20F00B2FF75 /* NSMutableArray+YJCollection.m in Sources */ = {isa = PBXBuildFile; fileRef = 326F349E1CF5C20F00B2FF75 /* NSMutableArray+YJCollection.m */; };
		326F34C01CF5C20F00B2FF75 /* NSMutableArray+YJSequence.m in Sources */ = {isa = PBXBuildFile; fileRef = 326F34A01CF5C20F00B2FF75 /* NSMutableArray+YJSequence.m */; };
		326F34C11CF5C20F00B2FF75 /* NSMutableSet+YJCollection.m in Sources */ = {isa = PBXBuildFile; fileRef = 326F34A21CF5C20F00B2FF75 /* NSMutableSet+YJCollection.m */; };
		326F34C21CF5C20F00B2FF75 /* NSMutableString+YJSequence.m in Sources */ = {isa = PBXBuildFile; fileRef = 326F34A41CF5C20F00B2FF75 /* NSMutableString+YJSequence.m */; };
		326F34C31CF5C20F00B2FF75 /* NSSet+YJCollection.m in Sources */ = {isa = PBXBuildFile; fileRef = 326F34A61CF5C20F00B2FF75 /* NSSet+YJCollection.m */; };
		326F34C41CF5C20F00B2FF75 /* NSString+YJCollection.m in Sources */ = {isa = PBXBuildFile; fileRef = 326F34A81CF5C20F00B2FF75 /* NSString+YJCollection.m */; };
		326F34C51CF5C20F00B2FF75 /* NSString+YJSequence.m in Sources */ = {isa = PBXBuildFile; fileRef = 326F34AA1CF5C20F00B2FF75 /* NSString+YJSequence.m */; };
		326F34C61CF5C20F00B2FF75 /* NSBundle+YJCategory.m in Sources */ = {isa = PBXBuildFile; fileRef = 326F34AD1CF5C20F00B2FF75 /* NSBundle+YJCategory.m */; };
		326F34C91CF5C20F00B2FF75 /* NSObject+YJAssociatedIdentifier.m in Sources */ = {isa = PBXBuildFile; fileRef = 326F34B41CF5C20F00B2FF75 /* NSObject+YJAssociatedIdentifier.m */; };
		326F34CA1CF5C20F00B2FF75 /* NSObject+YJBlockBasedKVO.m in Sources */ = {isa = PBXBuildFile; fileRef = 326F34B61CF5C20F00B2FF75 /* NSObject+YJBlockBasedKVO.m */; };
		326F34CB1CF5C20F00B2FF75 /* NSObject+YJCategory_Swizzling.m in Sources */ = {isa = PBXBuildFile; fileRef = 326F34B81CF5C20F00B2FF75 /* NSObject+YJCategory_Swizzling.m */; };
		326F34CC1CF5C20F00B2FF75 /* NSObject+YJMutabilityChecking.m in Sources */ = {isa = PBXBuildFile; fileRef = 326F34BA1CF5C20F00B2FF75 /* NSObject+YJMutabilityChecking.m */; };
		326F34CD1CF5C20F00B2FF75 /* NSTimer+YJBlockBased.m in Sources */ = {isa = PBXBuildFile; fileRef = 326F34BB1CF5C20F00B2FF75 /* NSTimer+YJBlockBased.m */; };
		326F34D01CF5C2BD00B2FF75 /* NSValue+YJGeometryExtension.m in Sources */ = {isa = PBXBuildFile; fileRef = 326F34CF1CF5C2BD00B2FF75 /* NSValue+YJGeometryExtension.m */; };
		326F34D31CF5C9C100B2FF75 /* NSObject+YJTaggedPointerChecking.m in Sources */ = {isa = PBXBuildFile; fileRef = 326F34D21CF5C9C100B2FF75 /* NSObject+YJTaggedPointerChecking.m */; };
		326F34D61CF5F70300B2FF75 /* UITextField+YJCategory.m in Sources */ = {isa = PBXBuildFile; fileRef = 326F34D51CF5F70300B2FF75 /* UITextField+YJCategory.m */; };
		32B8C1641CED731400E2639B /* YJMaskContentViewController.m in Sources */ = {isa = PBXBuildFile; fileRef = 32B8C1621CED731400E2639B /* YJMaskContentViewController.m */; };
		32B8C1651CED731400E2639B /* YJMaskContentViewController.xib in Resources */ = {isa = PBXBuildFile; fileRef = 32B8C1631CED731400E2639B /* YJMaskContentViewController.xib */; };
		32B8C1911CEE109700E2639B /* YJStringSequence.m in Sources */ = {isa = PBXBuildFile; fileRef = 32B8C1901CEE109700E2639B /* YJStringSequence.m */; };
		32B8C1931CEE110F00E2639B /* Tests.m in Sources */ = {isa = PBXBuildFile; fileRef = 32B8C1921CEE110F00E2639B /* Tests.m */; };
		32CB4AAB1CCA3C880050C01B /* YJSavingImageToAlbumViewController.m in Sources */ = {isa = PBXBuildFile; fileRef = 32CB4AAA1CCA3C880050C01B /* YJSavingImageToAlbumViewController.m */; };
		32DE8AA31CEB22EE00E63005 /* YJStaticTableViewController.m in Sources */ = {isa = PBXBuildFile; fileRef = 32DE8AA21CEB22EE00E63005 /* YJStaticTableViewController.m */; };
		32DE8AA71CEB5E0B00E63005 /* YJStaticHeaderCell.m in Sources */ = {isa = PBXBuildFile; fileRef = 32DE8AA51CEB5E0B00E63005 /* YJStaticHeaderCell.m */; };
		32DE8AA81CEB5E0B00E63005 /* YJStaticHeaderCell.xib in Resources */ = {isa = PBXBuildFile; fileRef = 32DE8AA61CEB5E0B00E63005 /* YJStaticHeaderCell.xib */; };
		32E5D29F1CDC7DEE0070B96D /* yj_head_icon.png in Resources */ = {isa = PBXBuildFile; fileRef = 32E5D29E1CDC7DEE0070B96D /* yj_head_icon.png */; };
		32F0C7B61CEF2E2A00234ECF /* YJCollectionTest.m in Sources */ = {isa = PBXBuildFile; fileRef = 32F0C7B51CEF2E2A00234ECF /* YJCollectionTest.m */; };
		6003F58E195388D20070C39A /* Foundation.framework in Frameworks */ = {isa = PBXBuildFile; fileRef = 6003F58D195388D20070C39A /* Foundation.framework */; };
		6003F590195388D20070C39A /* CoreGraphics.framework in Frameworks */ = {isa = PBXBuildFile; fileRef = 6003F58F195388D20070C39A /* CoreGraphics.framework */; };
		6003F592195388D20070C39A /* UIKit.framework in Frameworks */ = {isa = PBXBuildFile; fileRef = 6003F591195388D20070C39A /* UIKit.framework */; };
		6003F598195388D20070C39A /* InfoPlist.strings in Resources */ = {isa = PBXBuildFile; fileRef = 6003F596195388D20070C39A /* InfoPlist.strings */; };
		6003F59A195388D20070C39A /* main.m in Sources */ = {isa = PBXBuildFile; fileRef = 6003F599195388D20070C39A /* main.m */; };
		6003F59E195388D20070C39A /* YJAppDelegate.m in Sources */ = {isa = PBXBuildFile; fileRef = 6003F59D195388D20070C39A /* YJAppDelegate.m */; };
		6003F5A7195388D20070C39A /* YJViewController.m in Sources */ = {isa = PBXBuildFile; fileRef = 6003F5A6195388D20070C39A /* YJViewController.m */; };
		6003F5A9195388D20070C39A /* Images.xcassets in Resources */ = {isa = PBXBuildFile; fileRef = 6003F5A8195388D20070C39A /* Images.xcassets */; };
		6003F5B0195388D20070C39A /* XCTest.framework in Frameworks */ = {isa = PBXBuildFile; fileRef = 6003F5AF195388D20070C39A /* XCTest.framework */; };
		6003F5B1195388D20070C39A /* Foundation.framework in Frameworks */ = {isa = PBXBuildFile; fileRef = 6003F58D195388D20070C39A /* Foundation.framework */; };
		6003F5B2195388D20070C39A /* UIKit.framework in Frameworks */ = {isa = PBXBuildFile; fileRef = 6003F591195388D20070C39A /* UIKit.framework */; };
		6003F5BA195388D20070C39A /* InfoPlist.strings in Resources */ = {isa = PBXBuildFile; fileRef = 6003F5B8195388D20070C39A /* InfoPlist.strings */; };
/* End PBXBuildFile section */

/* Begin PBXContainerItemProxy section */
		6003F5B3195388D20070C39A /* PBXContainerItemProxy */ = {
			isa = PBXContainerItemProxy;
			containerPortal = 6003F582195388D10070C39A /* Project object */;
			proxyType = 1;
			remoteGlobalIDString = 6003F589195388D20070C39A;
			remoteInfo = YJKit;
		};
/* End PBXContainerItemProxy section */

/* Begin PBXFileReference section */
		3204386C1CEEF3E9006806EC /* YJArraySequence.m */ = {isa = PBXFileReference; fileEncoding = 4; lastKnownFileType = sourcecode.c.objc; path = YJArraySequence.m; sourceTree = "<group>"; };
		320438711CEF14EC006806EC /* YJGeneralTest.m */ = {isa = PBXFileReference; fileEncoding = 4; lastKnownFileType = sourcecode.c.objc; path = YJGeneralTest.m; sourceTree = "<group>"; };
		3204F0BF1CACA98D006282DF /* Octocat.png */ = {isa = PBXFileReference; lastKnownFileType = image.png; path = Octocat.png; sourceTree = "<group>"; };
		3204F0D31CACBF1C006282DF /* LaunchScreen.xib */ = {isa = PBXFileReference; fileEncoding = 4; lastKnownFileType = file.xib; path = LaunchScreen.xib; sourceTree = "<group>"; };
		32058DCA1CDDC4FC006AE929 /* YJMaskViewController.xib */ = {isa = PBXFileReference; fileEncoding = 4; lastKnownFileType = file.xib; path = YJMaskViewController.xib; sourceTree = "<group>"; };
		320A97EE1CA9493800485B9A /* AFTCameraUI.bundle */ = {isa = PBXFileReference; lastKnownFileType = "wrapper.plug-in"; path = AFTCameraUI.bundle; sourceTree = "<group>"; };
		3238B26C1CE1FDF50018D1F0 /* YJMaskTableViewController.h */ = {isa = PBXFileReference; fileEncoding = 4; lastKnownFileType = sourcecode.c.h; path = YJMaskTableViewController.h; sourceTree = "<group>"; };
		3238B26D1CE1FDF50018D1F0 /* YJMaskTableViewController.m */ = {isa = PBXFileReference; fileEncoding = 4; lastKnownFileType = sourcecode.c.objc; path = YJMaskTableViewController.m; sourceTree = "<group>"; };
		324AB09E1CD1C6EE00A9DCF0 /* YJMaskViewController.h */ = {isa = PBXFileReference; fileEncoding = 4; lastKnownFileType = sourcecode.c.h; path = YJMaskViewController.h; sourceTree = "<group>"; };
		324AB09F1CD1C6EE00A9DCF0 /* YJMaskViewController.m */ = {isa = PBXFileReference; fileEncoding = 4; lastKnownFileType = sourcecode.c.objc; path = YJMaskViewController.m; sourceTree = "<group>"; };
		324AB0A71CD1EE8C00A9DCF0 /* Puppy.jpg */ = {isa = PBXFileReference; lastKnownFileType = image.jpeg; path = Puppy.jpg; sourceTree = "<group>"; };
		326388671CF2B3390026BED8 /* AVCaptureSession+YJCategory.h */ = {isa = PBXFileReference; fileEncoding = 4; lastKnownFileType = sourcecode.c.h; path = "AVCaptureSession+YJCategory.h"; sourceTree = "<group>"; };
		326388681CF2B3390026BED8 /* AVCaptureSession+YJCategory.m */ = {isa = PBXFileReference; fileEncoding = 4; lastKnownFileType = sourcecode.c.objc; path = "AVCaptureSession+YJCategory.m"; sourceTree = "<group>"; };
		3263888F1CF2B3390026BED8 /* FoundationExt.h */ = {isa = PBXFileReference; fileEncoding = 4; lastKnownFileType = sourcecode.c.h; path = FoundationExt.h; sourceTree = "<group>"; };
		326388941CF2B3390026BED8 /* YJClangMacros.h */ = {isa = PBXFileReference; fileEncoding = 4; lastKnownFileType = sourcecode.c.h; path = YJClangMacros.h; sourceTree = "<group>"; };
		326388951CF2B3390026BED8 /* YJConfigureMacros.h */ = {isa = PBXFileReference; fileEncoding = 4; lastKnownFileType = sourcecode.c.h; path = YJConfigureMacros.h; sourceTree = "<group>"; };
		326388961CF2B3390026BED8 /* YJDebugMacros.h */ = {isa = PBXFileReference; fileEncoding = 4; lastKnownFileType = sourcecode.c.h; path = YJDebugMacros.h; sourceTree = "<group>"; };
		326388971CF2B3390026BED8 /* YJExecutionMacros.h */ = {isa = PBXFileReference; fileEncoding = 4; lastKnownFileType = sourcecode.c.h; path = YJExecutionMacros.h; sourceTree = "<group>"; };
		326388981CF2B3390026BED8 /* YJMacros.h */ = {isa = PBXFileReference; fileEncoding = 4; lastKnownFileType = sourcecode.c.h; path = YJMacros.h; sourceTree = "<group>"; };
		326388991CF2B3390026BED8 /* YJMathMacros.h */ = {isa = PBXFileReference; fileEncoding = 4; lastKnownFileType = sourcecode.c.h; path = YJMathMacros.h; sourceTree = "<group>"; };
		3263889A1CF2B3390026BED8 /* YJObjcMacros.h */ = {isa = PBXFileReference; fileEncoding = 4; lastKnownFileType = sourcecode.c.h; path = YJObjcMacros.h; sourceTree = "<group>"; };
		3263889B1CF2B3390026BED8 /* YJUIMacros.h */ = {isa = PBXFileReference; fileEncoding = 4; lastKnownFileType = sourcecode.c.h; path = YJUIMacros.h; sourceTree = "<group>"; };
		3263889D1CF2B3390026BED8 /* YJGeometryExtension.c */ = {isa = PBXFileReference; fileEncoding = 4; lastKnownFileType = sourcecode.c.c; path = YJGeometryExtension.c; sourceTree = "<group>"; };
		3263889E1CF2B3390026BED8 /* YJGeometryExtension.h */ = {isa = PBXFileReference; fileEncoding = 4; lastKnownFileType = sourcecode.c.h; path = YJGeometryExtension.h; sourceTree = "<group>"; };
		3263889F1CF2B3390026BED8 /* QuartzExt.h */ = {isa = PBXFileReference; fileEncoding = 4; lastKnownFileType = sourcecode.c.h; path = QuartzExt.h; sourceTree = "<group>"; };
		326388A21CF2B3390026BED8 /* UIActionSheet+YJBlockBased.h */ = {isa = PBXFileReference; fileEncoding = 4; lastKnownFileType = sourcecode.c.h; path = "UIActionSheet+YJBlockBased.h"; sourceTree = "<group>"; };
		326388A31CF2B3390026BED8 /* UIActionSheet+YJBlockBased.m */ = {isa = PBXFileReference; fileEncoding = 4; lastKnownFileType = sourcecode.c.objc; path = "UIActionSheet+YJBlockBased.m"; sourceTree = "<group>"; };
		326388A41CF2B3390026BED8 /* UIAlertView+YJBlockBased.h */ = {isa = PBXFileReference; fileEncoding = 4; lastKnownFileType = sourcecode.c.h; path = "UIAlertView+YJBlockBased.h"; sourceTree = "<group>"; };
		326388A51CF2B3390026BED8 /* UIAlertView+YJBlockBased.m */ = {isa = PBXFileReference; fileEncoding = 4; lastKnownFileType = sourcecode.c.objc; path = "UIAlertView+YJBlockBased.m"; sourceTree = "<group>"; };
		326388A61CF2B3390026BED8 /* UIBarButtonItem+YJBlockBased.h */ = {isa = PBXFileReference; fileEncoding = 4; lastKnownFileType = sourcecode.c.h; path = "UIBarButtonItem+YJBlockBased.h"; sourceTree = "<group>"; };
		326388A71CF2B3390026BED8 /* UIBarButtonItem+YJBlockBased.m */ = {isa = PBXFileReference; fileEncoding = 4; lastKnownFileType = sourcecode.c.objc; path = "UIBarButtonItem+YJBlockBased.m"; sourceTree = "<group>"; };
		326388A81CF2B3390026BED8 /* UIColor+YJCategory.h */ = {isa = PBXFileReference; fileEncoding = 4; lastKnownFileType = sourcecode.c.h; path = "UIColor+YJCategory.h"; sourceTree = "<group>"; };
		326388A91CF2B3390026BED8 /* UIColor+YJCategory.m */ = {isa = PBXFileReference; fileEncoding = 4; lastKnownFileType = sourcecode.c.objc; path = "UIColor+YJCategory.m"; sourceTree = "<group>"; };
		326388AA1CF2B3390026BED8 /* UIControl+YJBlockBased.h */ = {isa = PBXFileReference; fileEncoding = 4; lastKnownFileType = sourcecode.c.h; path = "UIControl+YJBlockBased.h"; sourceTree = "<group>"; };
		326388AB1CF2B3390026BED8 /* UIControl+YJBlockBased.m */ = {isa = PBXFileReference; fileEncoding = 4; lastKnownFileType = sourcecode.c.objc; path = "UIControl+YJBlockBased.m"; sourceTree = "<group>"; };
		326388AC1CF2B3390026BED8 /* UIDevice+YJCategory.h */ = {isa = PBXFileReference; fileEncoding = 4; lastKnownFileType = sourcecode.c.h; path = "UIDevice+YJCategory.h"; sourceTree = "<group>"; };
		326388AD1CF2B3390026BED8 /* UIDevice+YJCategory.m */ = {isa = PBXFileReference; fileEncoding = 4; lastKnownFileType = sourcecode.c.objc; path = "UIDevice+YJCategory.m"; sourceTree = "<group>"; };
		326388AE1CF2B3390026BED8 /* UIGestureRecognizer+YJBlockBased.h */ = {isa = PBXFileReference; fileEncoding = 4; lastKnownFileType = sourcecode.c.h; path = "UIGestureRecognizer+YJBlockBased.h"; sourceTree = "<group>"; };
		326388AF1CF2B3390026BED8 /* UIGestureRecognizer+YJBlockBased.m */ = {isa = PBXFileReference; fileEncoding = 4; lastKnownFileType = sourcecode.c.objc; path = "UIGestureRecognizer+YJBlockBased.m"; sourceTree = "<group>"; };
		326388B01CF2B3390026BED8 /* UIImage+YJCategory.h */ = {isa = PBXFileReference; fileEncoding = 4; lastKnownFileType = sourcecode.c.h; path = "UIImage+YJCategory.h"; sourceTree = "<group>"; };
		326388B11CF2B3390026BED8 /* UIImage+YJCategory.m */ = {isa = PBXFileReference; fileEncoding = 4; lastKnownFileType = sourcecode.c.objc; path = "UIImage+YJCategory.m"; sourceTree = "<group>"; };
		326388B21CF2B3390026BED8 /* UIImageView+YJGeometryExtension.h */ = {isa = PBXFileReference; fileEncoding = 4; lastKnownFileType = sourcecode.c.h; path = "UIImageView+YJGeometryExtension.h"; sourceTree = "<group>"; };
		326388B31CF2B3390026BED8 /* UIImageView+YJGeometryExtension.m */ = {isa = PBXFileReference; fileEncoding = 4; lastKnownFileType = sourcecode.c.objc; path = "UIImageView+YJGeometryExtension.m"; sourceTree = "<group>"; };
		326388B41CF2B3390026BED8 /* UIScreen+YJCategory.h */ = {isa = PBXFileReference; fileEncoding = 4; lastKnownFileType = sourcecode.c.h; path = "UIScreen+YJCategory.h"; sourceTree = "<group>"; };
		326388B51CF2B3390026BED8 /* UIScreen+YJCategory.m */ = {isa = PBXFileReference; fileEncoding = 4; lastKnownFileType = sourcecode.c.objc; path = "UIScreen+YJCategory.m"; sourceTree = "<group>"; };
		326388B61CF2B3390026BED8 /* UIView+YJCategory.h */ = {isa = PBXFileReference; fileEncoding = 4; lastKnownFileType = sourcecode.c.h; path = "UIView+YJCategory.h"; sourceTree = "<group>"; };
		326388B71CF2B3390026BED8 /* UIView+YJCategory.m */ = {isa = PBXFileReference; fileEncoding = 4; lastKnownFileType = sourcecode.c.objc; path = "UIView+YJCategory.m"; sourceTree = "<group>"; };
		326388B91CF2B3390026BED8 /* _YJAlertDelegate.h */ = {isa = PBXFileReference; fileEncoding = 4; lastKnownFileType = sourcecode.c.h; path = _YJAlertDelegate.h; sourceTree = "<group>"; };
		326388BA1CF2B3390026BED8 /* _YJAlertDelegate.m */ = {isa = PBXFileReference; fileEncoding = 4; lastKnownFileType = sourcecode.c.objc; path = _YJAlertDelegate.m; sourceTree = "<group>"; };
		326388BD1CF2B3390026BED8 /* RGBColor.h */ = {isa = PBXFileReference; fileEncoding = 4; lastKnownFileType = sourcecode.c.h; path = RGBColor.h; sourceTree = "<group>"; };
		326388BE1CF2B3390026BED8 /* RGBColor.m */ = {isa = PBXFileReference; fileEncoding = 4; lastKnownFileType = sourcecode.c.objc; path = RGBColor.m; sourceTree = "<group>"; };
		326388C11CF2B3390026BED8 /* YJContentIndents.h */ = {isa = PBXFileReference; fileEncoding = 4; lastKnownFileType = sourcecode.c.h; path = YJContentIndents.h; sourceTree = "<group>"; };
		326388C21CF2B3390026BED8 /* YJContentIndents.m */ = {isa = PBXFileReference; fileEncoding = 4; lastKnownFileType = sourcecode.c.objc; path = YJContentIndents.m; sourceTree = "<group>"; };
		326388C31CF2B3390026BED8 /* UIKitExt.h */ = {isa = PBXFileReference; fileEncoding = 4; lastKnownFileType = sourcecode.c.h; path = UIKitExt.h; sourceTree = "<group>"; };
		326388C61CF2B3390026BED8 /* YJLayerBasedMasking.h */ = {isa = PBXFileReference; fileEncoding = 4; lastKnownFileType = sourcecode.c.h; path = YJLayerBasedMasking.h; sourceTree = "<group>"; };
		326388C81CF2B3390026BED8 /* _YJLayerBasedMasking.h */ = {isa = PBXFileReference; fileEncoding = 4; lastKnownFileType = sourcecode.c.h; path = _YJLayerBasedMasking.h; sourceTree = "<group>"; };
		326388C91CF2B3390026BED8 /* _YJRoundedCornerView.h */ = {isa = PBXFileReference; fileEncoding = 4; lastKnownFileType = sourcecode.c.h; path = _YJRoundedCornerView.h; sourceTree = "<group>"; };
		326388CB1CF2B3390026BED8 /* CAShapeLayer+YJLayerBasedMasking.h */ = {isa = PBXFileReference; fileEncoding = 4; lastKnownFileType = sourcecode.c.h; path = "CAShapeLayer+YJLayerBasedMasking.h"; sourceTree = "<group>"; };
		326388CC1CF2B3390026BED8 /* CAShapeLayer+YJLayerBasedMasking.m */ = {isa = PBXFileReference; fileEncoding = 4; lastKnownFileType = sourcecode.c.objc; path = "CAShapeLayer+YJLayerBasedMasking.m"; sourceTree = "<group>"; };
		326388CD1CF2B3390026BED8 /* UIBezierPath+YJLayerBasedMasking.h */ = {isa = PBXFileReference; fileEncoding = 4; lastKnownFileType = sourcecode.c.h; path = "UIBezierPath+YJLayerBasedMasking.h"; sourceTree = "<group>"; };
		326388CE1CF2B3390026BED8 /* UIBezierPath+YJLayerBasedMasking.m */ = {isa = PBXFileReference; fileEncoding = 4; lastKnownFileType = sourcecode.c.objc; path = "UIBezierPath+YJLayerBasedMasking.m"; sourceTree = "<group>"; };
		326388CF1CF2B3390026BED8 /* YJMaskFamily.h */ = {isa = PBXFileReference; fileEncoding = 4; lastKnownFileType = sourcecode.c.h; path = YJMaskFamily.h; sourceTree = "<group>"; };
		326388D11CF2B3390026BED8 /* YJCircularImageView.h */ = {isa = PBXFileReference; fileEncoding = 4; lastKnownFileType = sourcecode.c.h; path = YJCircularImageView.h; sourceTree = "<group>"; };
		326388D21CF2B3390026BED8 /* YJCircularImageView.m */ = {isa = PBXFileReference; fileEncoding = 4; lastKnownFileType = sourcecode.c.objc; path = YJCircularImageView.m; sourceTree = "<group>"; };
		326388D31CF2B3390026BED8 /* YJMaskedImageView.h */ = {isa = PBXFileReference; fileEncoding = 4; lastKnownFileType = sourcecode.c.h; path = YJMaskedImageView.h; sourceTree = "<group>"; };
		326388D41CF2B3390026BED8 /* YJMaskedImageView.m */ = {isa = PBXFileReference; fileEncoding = 4; lastKnownFileType = sourcecode.c.objc; path = YJMaskedImageView.m; sourceTree = "<group>"; };
		326388D51CF2B3390026BED8 /* YJMaskedView.h */ = {isa = PBXFileReference; fileEncoding = 4; lastKnownFileType = sourcecode.c.h; path = YJMaskedView.h; sourceTree = "<group>"; };
		326388D61CF2B3390026BED8 /* YJMaskedView.m */ = {isa = PBXFileReference; fileEncoding = 4; lastKnownFileType = sourcecode.c.objc; path = YJMaskedView.m; sourceTree = "<group>"; };
		326388D71CF2B3390026BED8 /* YJRoundedCornerButton.h */ = {isa = PBXFileReference; fileEncoding = 4; lastKnownFileType = sourcecode.c.h; path = YJRoundedCornerButton.h; sourceTree = "<group>"; };
		326388D81CF2B3390026BED8 /* YJRoundedCornerButton.m */ = {isa = PBXFileReference; fileEncoding = 4; lastKnownFileType = sourcecode.c.objc; path = YJRoundedCornerButton.m; sourceTree = "<group>"; };
		326388D91CF2B3390026BED8 /* YJRoundedCornerImageView.h */ = {isa = PBXFileReference; fileEncoding = 4; lastKnownFileType = sourcecode.c.h; path = YJRoundedCornerImageView.h; sourceTree = "<group>"; };
		326388DA1CF2B3390026BED8 /* YJRoundedCornerImageView.m */ = {isa = PBXFileReference; fileEncoding = 4; lastKnownFileType = sourcecode.c.objc; path = YJRoundedCornerImageView.m; sourceTree = "<group>"; };
		326388DB1CF2B3390026BED8 /* YJRoundedCornerLabel.h */ = {isa = PBXFileReference; fileEncoding = 4; lastKnownFileType = sourcecode.c.h; path = YJRoundedCornerLabel.h; sourceTree = "<group>"; };
		326388DC1CF2B3390026BED8 /* YJRoundedCornerLabel.m */ = {isa = PBXFileReference; fileEncoding = 4; lastKnownFileType = sourcecode.c.objc; path = YJRoundedCornerLabel.m; sourceTree = "<group>"; };
		326388DD1CF2B3390026BED8 /* YJRoundedCornerTextView.h */ = {isa = PBXFileReference; fileEncoding = 4; lastKnownFileType = sourcecode.c.h; path = YJRoundedCornerTextView.h; sourceTree = "<group>"; };
		326388DE1CF2B3390026BED8 /* YJRoundedCornerTextView.m */ = {isa = PBXFileReference; fileEncoding = 4; lastKnownFileType = sourcecode.c.objc; path = YJRoundedCornerTextView.m; sourceTree = "<group>"; };
		326388DF1CF2B3390026BED8 /* YJRoundedCornerView.h */ = {isa = PBXFileReference; fileEncoding = 4; lastKnownFileType = sourcecode.c.h; path = YJRoundedCornerView.h; sourceTree = "<group>"; };
		326388E01CF2B3390026BED8 /* YJRoundedCornerView.m */ = {isa = PBXFileReference; fileEncoding = 4; lastKnownFileType = sourcecode.c.objc; path = YJRoundedCornerView.m; sourceTree = "<group>"; };
		326388E11CF2B3390026BED8 /* YJSemicircularCornerButton.h */ = {isa = PBXFileReference; fileEncoding = 4; lastKnownFileType = sourcecode.c.h; path = YJSemicircularCornerButton.h; sourceTree = "<group>"; };
		326388E21CF2B3390026BED8 /* YJSemicircularCornerButton.m */ = {isa = PBXFileReference; fileEncoding = 4; lastKnownFileType = sourcecode.c.objc; path = YJSemicircularCornerButton.m; sourceTree = "<group>"; };
		326388E31CF2B3390026BED8 /* YJSemicircularCornerLabel.h */ = {isa = PBXFileReference; fileEncoding = 4; lastKnownFileType = sourcecode.c.h; path = YJSemicircularCornerLabel.h; sourceTree = "<group>"; };
		326388E41CF2B3390026BED8 /* YJSemicircularCornerLabel.m */ = {isa = PBXFileReference; fileEncoding = 4; lastKnownFileType = sourcecode.c.objc; path = YJSemicircularCornerLabel.m; sourceTree = "<group>"; };
		326388E71CF2B3390026BED8 /* YJGroupedStyleTableViewController.h */ = {isa = PBXFileReference; fileEncoding = 4; lastKnownFileType = sourcecode.c.h; path = YJGroupedStyleTableViewController.h; sourceTree = "<group>"; };
		326388E81CF2B3390026BED8 /* YJGroupedStyleTableViewController.m */ = {isa = PBXFileReference; fileEncoding = 4; lastKnownFileType = sourcecode.c.objc; path = YJGroupedStyleTableViewController.m; sourceTree = "<group>"; };
		326388E91CF2B3390026BED8 /* YJMemoryCache.h */ = {isa = PBXFileReference; fileEncoding = 4; lastKnownFileType = sourcecode.c.h; path = YJMemoryCache.h; sourceTree = "<group>"; };
		326388EA1CF2B3390026BED8 /* YJMemoryCache.m */ = {isa = PBXFileReference; fileEncoding = 4; lastKnownFileType = sourcecode.c.objc; path = YJMemoryCache.m; sourceTree = "<group>"; };
		326388EB1CF2B3390026BED8 /* YJPhotoLibrary.h */ = {isa = PBXFileReference; fileEncoding = 4; lastKnownFileType = sourcecode.c.h; path = YJPhotoLibrary.h; sourceTree = "<group>"; };
		326388EC1CF2B3390026BED8 /* YJPhotoLibrary.m */ = {isa = PBXFileReference; fileEncoding = 4; lastKnownFileType = sourcecode.c.objc; path = YJPhotoLibrary.m; sourceTree = "<group>"; };
		326388ED1CF2B3390026BED8 /* YJUtilities.h */ = {isa = PBXFileReference; fileEncoding = 4; lastKnownFileType = sourcecode.c.h; path = YJUtilities.h; sourceTree = "<group>"; };
		326388EE1CF2B3390026BED8 /* YJKit.h */ = {isa = PBXFileReference; fileEncoding = 4; lastKnownFileType = sourcecode.c.h; path = YJKit.h; sourceTree = "<group>"; };
		3268A1D21CA83F5300B71E50 /* YJGeometryViewController.h */ = {isa = PBXFileReference; fileEncoding = 4; lastKnownFileType = sourcecode.c.h; path = YJGeometryViewController.h; sourceTree = "<group>"; };
		3268A1D31CA83F5300B71E50 /* YJGeometryViewController.m */ = {isa = PBXFileReference; fileEncoding = 4; lastKnownFileType = sourcecode.c.objc; path = YJGeometryViewController.m; sourceTree = "<group>"; };
		326F34911CF5459F00B2FF75 /* UITextView+YJCategory.h */ = {isa = PBXFileReference; fileEncoding = 4; lastKnownFileType = sourcecode.c.h; path = "UITextView+YJCategory.h"; sourceTree = "<group>"; };
		326F34921CF5459F00B2FF75 /* UITextView+YJCategory.m */ = {isa = PBXFileReference; fileEncoding = 4; lastKnownFileType = sourcecode.c.objc; path = "UITextView+YJCategory.m"; sourceTree = "<group>"; };
		326F34991CF5C20F00B2FF75 /* NSArray+YJCollection.h */ = {isa = PBXFileReference; fileEncoding = 4; lastKnownFileType = sourcecode.c.h; path = "NSArray+YJCollection.h"; sourceTree = "<group>"; };
		326F349A1CF5C20F00B2FF75 /* NSArray+YJCollection.m */ = {isa = PBXFileReference; fileEncoding = 4; lastKnownFileType = sourcecode.c.objc; path = "NSArray+YJCollection.m"; sourceTree = "<group>"; };
		326F349B1CF5C20F00B2FF75 /* NSArray+YJSequence.h */ = {isa = PBXFileReference; fileEncoding = 4; lastKnownFileType = sourcecode.c.h; path = "NSArray+YJSequence.h"; sourceTree = "<group>"; };
		326F349C1CF5C20F00B2FF75 /* NSArray+YJSequence.m */ = {isa = PBXFileReference; fileEncoding = 4; lastKnownFileType = sourcecode.c.objc; path = "NSArray+YJSequence.m"; sourceTree = "<group>"; };
		326F349D1CF5C20F00B2FF75 /* NSMutableArray+YJCollection.h */ = {isa = PBXFileReference; fileEncoding = 4; lastKnownFileType = sourcecode.c.h; path = "NSMutableArray+YJCollection.h"; sourceTree = "<group>"; };
		326F349E1CF5C20F00B2FF75 /* NSMutableArray+YJCollection.m */ = {isa = PBXFileReference; fileEncoding = 4; lastKnownFileType = sourcecode.c.objc; path = "NSMutableArray+YJCollection.m"; sourceTree = "<group>"; };
		326F349F1CF5C20F00B2FF75 /* NSMutableArray+YJSequence.h */ = {isa = PBXFileReference; fileEncoding = 4; lastKnownFileType = sourcecode.c.h; path = "NSMutableArray+YJSequence.h"; sourceTree = "<group>"; };
		326F34A01CF5C20F00B2FF75 /* NSMutableArray+YJSequence.m */ = {isa = PBXFileReference; fileEncoding = 4; lastKnownFileType = sourcecode.c.objc; path = "NSMutableArray+YJSequence.m"; sourceTree = "<group>"; };
		326F34A11CF5C20F00B2FF75 /* NSMutableSet+YJCollection.h */ = {isa = PBXFileReference; fileEncoding = 4; lastKnownFileType = sourcecode.c.h; path = "NSMutableSet+YJCollection.h"; sourceTree = "<group>"; };
		326F34A21CF5C20F00B2FF75 /* NSMutableSet+YJCollection.m */ = {isa = PBXFileReference; fileEncoding = 4; lastKnownFileType = sourcecode.c.objc; path = "NSMutableSet+YJCollection.m"; sourceTree = "<group>"; };
		326F34A31CF5C20F00B2FF75 /* NSMutableString+YJSequence.h */ = {isa = PBXFileReference; fileEncoding = 4; lastKnownFileType = sourcecode.c.h; path = "NSMutableString+YJSequence.h"; sourceTree = "<group>"; };
		326F34A41CF5C20F00B2FF75 /* NSMutableString+YJSequence.m */ = {isa = PBXFileReference; fileEncoding = 4; lastKnownFileType = sourcecode.c.objc; path = "NSMutableString+YJSequence.m"; sourceTree = "<group>"; };
		326F34A51CF5C20F00B2FF75 /* NSSet+YJCollection.h */ = {isa = PBXFileReference; fileEncoding = 4; lastKnownFileType = sourcecode.c.h; path = "NSSet+YJCollection.h"; sourceTree = "<group>"; };
		326F34A61CF5C20F00B2FF75 /* NSSet+YJCollection.m */ = {isa = PBXFileReference; fileEncoding = 4; lastKnownFileType = sourcecode.c.objc; path = "NSSet+YJCollection.m"; sourceTree = "<group>"; };
		326F34A71CF5C20F00B2FF75 /* NSString+YJCollection.h */ = {isa = PBXFileReference; fileEncoding = 4; lastKnownFileType = sourcecode.c.h; path = "NSString+YJCollection.h"; sourceTree = "<group>"; };
		326F34A81CF5C20F00B2FF75 /* NSString+YJCollection.m */ = {isa = PBXFileReference; fileEncoding = 4; lastKnownFileType = sourcecode.c.objc; path = "NSString+YJCollection.m"; sourceTree = "<group>"; };
		326F34A91CF5C20F00B2FF75 /* NSString+YJSequence.h */ = {isa = PBXFileReference; fileEncoding = 4; lastKnownFileType = sourcecode.c.h; path = "NSString+YJSequence.h"; sourceTree = "<group>"; };
		326F34AA1CF5C20F00B2FF75 /* NSString+YJSequence.m */ = {isa = PBXFileReference; fileEncoding = 4; lastKnownFileType = sourcecode.c.objc; path = "NSString+YJSequence.m"; sourceTree = "<group>"; };
		326F34AC1CF5C20F00B2FF75 /* NSBundle+YJCategory.h */ = {isa = PBXFileReference; fileEncoding = 4; lastKnownFileType = sourcecode.c.h; path = "NSBundle+YJCategory.h"; sourceTree = "<group>"; };
		326F34AD1CF5C20F00B2FF75 /* NSBundle+YJCategory.m */ = {isa = PBXFileReference; fileEncoding = 4; lastKnownFileType = sourcecode.c.objc; path = "NSBundle+YJCategory.m"; sourceTree = "<group>"; };
		326F34B31CF5C20F00B2FF75 /* NSObject+YJAssociatedIdentifier.h */ = {isa = PBXFileReference; fileEncoding = 4; lastKnownFileType = sourcecode.c.h; path = "NSObject+YJAssociatedIdentifier.h"; sourceTree = "<group>"; };
		326F34B41CF5C20F00B2FF75 /* NSObject+YJAssociatedIdentifier.m */ = {isa = PBXFileReference; fileEncoding = 4; lastKnownFileType = sourcecode.c.objc; path = "NSObject+YJAssociatedIdentifier.m"; sourceTree = "<group>"; };
		326F34B51CF5C20F00B2FF75 /* NSObject+YJBlockBasedKVO.h */ = {isa = PBXFileReference; fileEncoding = 4; lastKnownFileType = sourcecode.c.h; path = "NSObject+YJBlockBasedKVO.h"; sourceTree = "<group>"; };
		326F34B61CF5C20F00B2FF75 /* NSObject+YJBlockBasedKVO.m */ = {isa = PBXFileReference; fileEncoding = 4; lastKnownFileType = sourcecode.c.objc; path = "NSObject+YJBlockBasedKVO.m"; sourceTree = "<group>"; };
		326F34B71CF5C20F00B2FF75 /* NSObject+YJCategory_Swizzling.h */ = {isa = PBXFileReference; fileEncoding = 4; lastKnownFileType = sourcecode.c.h; path = "NSObject+YJCategory_Swizzling.h"; sourceTree = "<group>"; };
		326F34B81CF5C20F00B2FF75 /* NSObject+YJCategory_Swizzling.m */ = {isa = PBXFileReference; fileEncoding = 4; lastKnownFileType = sourcecode.c.objc; path = "NSObject+YJCategory_Swizzling.m"; sourceTree = "<group>"; };
		326F34B91CF5C20F00B2FF75 /* NSObject+YJMutabilityChecking.h */ = {isa = PBXFileReference; fileEncoding = 4; lastKnownFileType = sourcecode.c.h; path = "NSObject+YJMutabilityChecking.h"; sourceTree = "<group>"; };
		326F34BA1CF5C20F00B2FF75 /* NSObject+YJMutabilityChecking.m */ = {isa = PBXFileReference; fileEncoding = 4; lastKnownFileType = sourcecode.c.objc; path = "NSObject+YJMutabilityChecking.m"; sourceTree = "<group>"; };
		326F34BB1CF5C20F00B2FF75 /* NSTimer+YJBlockBased.m */ = {isa = PBXFileReference; fileEncoding = 4; lastKnownFileType = sourcecode.c.objc; path = "NSTimer+YJBlockBased.m"; sourceTree = "<group>"; };
		326F34BC1CF5C20F00B2FF75 /* NSTimer+YJBlockBased.h */ = {isa = PBXFileReference; fileEncoding = 4; lastKnownFileType = sourcecode.c.h; path = "NSTimer+YJBlockBased.h"; sourceTree = "<group>"; };
		326F34CE1CF5C2BD00B2FF75 /* NSValue+YJGeometryExtension.h */ = {isa = PBXFileReference; fileEncoding = 4; lastKnownFileType = sourcecode.c.h; path = "NSValue+YJGeometryExtension.h"; sourceTree = "<group>"; };
		326F34CF1CF5C2BD00B2FF75 /* NSValue+YJGeometryExtension.m */ = {isa = PBXFileReference; fileEncoding = 4; lastKnownFileType = sourcecode.c.objc; path = "NSValue+YJGeometryExtension.m"; sourceTree = "<group>"; };
		326F34D11CF5C9C100B2FF75 /* NSObject+YJTaggedPointerChecking.h */ = {isa = PBXFileReference; fileEncoding = 4; lastKnownFileType = sourcecode.c.h; path = "NSObject+YJTaggedPointerChecking.h"; sourceTree = "<group>"; };
		326F34D21CF5C9C100B2FF75 /* NSObject+YJTaggedPointerChecking.m */ = {isa = PBXFileReference; fileEncoding = 4; lastKnownFileType = sourcecode.c.objc; path = "NSObject+YJTaggedPointerChecking.m"; sourceTree = "<group>"; };
		326F34D41CF5F70300B2FF75 /* UITextField+YJCategory.h */ = {isa = PBXFileReference; fileEncoding = 4; lastKnownFileType = sourcecode.c.h; path = "UITextField+YJCategory.h"; sourceTree = "<group>"; };
		326F34D51CF5F70300B2FF75 /* UITextField+YJCategory.m */ = {isa = PBXFileReference; fileEncoding = 4; lastKnownFileType = sourcecode.c.objc; path = "UITextField+YJCategory.m"; sourceTree = "<group>"; };
		32B8C1611CED731400E2639B /* YJMaskContentViewController.h */ = {isa = PBXFileReference; fileEncoding = 4; lastKnownFileType = sourcecode.c.h; path = YJMaskContentViewController.h; sourceTree = "<group>"; };
		32B8C1621CED731400E2639B /* YJMaskContentViewController.m */ = {isa = PBXFileReference; fileEncoding = 4; lastKnownFileType = sourcecode.c.objc; path = YJMaskContentViewController.m; sourceTree = "<group>"; };
		32B8C1631CED731400E2639B /* YJMaskContentViewController.xib */ = {isa = PBXFileReference; fileEncoding = 4; lastKnownFileType = file.xib; path = YJMaskContentViewController.xib; sourceTree = "<group>"; };
		32B8C1901CEE109700E2639B /* YJStringSequence.m */ = {isa = PBXFileReference; fileEncoding = 4; lastKnownFileType = sourcecode.c.objc; path = YJStringSequence.m; sourceTree = "<group>"; };
		32B8C1921CEE110F00E2639B /* Tests.m */ = {isa = PBXFileReference; fileEncoding = 4; lastKnownFileType = sourcecode.c.objc; path = Tests.m; sourceTree = "<group>"; };
		32CB4AA91CCA3C880050C01B /* YJSavingImageToAlbumViewController.h */ = {isa = PBXFileReference; fileEncoding = 4; lastKnownFileType = sourcecode.c.h; path = YJSavingImageToAlbumViewController.h; sourceTree = "<group>"; };
		32CB4AAA1CCA3C880050C01B /* YJSavingImageToAlbumViewController.m */ = {isa = PBXFileReference; fileEncoding = 4; lastKnownFileType = sourcecode.c.objc; path = YJSavingImageToAlbumViewController.m; sourceTree = "<group>"; };
		32DE8AA11CEB22EE00E63005 /* YJStaticTableViewController.h */ = {isa = PBXFileReference; fileEncoding = 4; lastKnownFileType = sourcecode.c.h; path = YJStaticTableViewController.h; sourceTree = "<group>"; };
		32DE8AA21CEB22EE00E63005 /* YJStaticTableViewController.m */ = {isa = PBXFileReference; fileEncoding = 4; lastKnownFileType = sourcecode.c.objc; path = YJStaticTableViewController.m; sourceTree = "<group>"; };
		32DE8AA41CEB5E0B00E63005 /* YJStaticHeaderCell.h */ = {isa = PBXFileReference; fileEncoding = 4; lastKnownFileType = sourcecode.c.h; path = YJStaticHeaderCell.h; sourceTree = "<group>"; };
		32DE8AA51CEB5E0B00E63005 /* YJStaticHeaderCell.m */ = {isa = PBXFileReference; fileEncoding = 4; lastKnownFileType = sourcecode.c.objc; path = YJStaticHeaderCell.m; sourceTree = "<group>"; };
		32DE8AA61CEB5E0B00E63005 /* YJStaticHeaderCell.xib */ = {isa = PBXFileReference; fileEncoding = 4; lastKnownFileType = file.xib; path = YJStaticHeaderCell.xib; sourceTree = "<group>"; };
		32E5D29E1CDC7DEE0070B96D /* yj_head_icon.png */ = {isa = PBXFileReference; lastKnownFileType = image.png; path = yj_head_icon.png; sourceTree = "<group>"; };
		32F0C7B51CEF2E2A00234ECF /* YJCollectionTest.m */ = {isa = PBXFileReference; fileEncoding = 4; lastKnownFileType = sourcecode.c.objc; path = YJCollectionTest.m; sourceTree = "<group>"; };
		6003F58A195388D20070C39A /* YJKit_Example.app */ = {isa = PBXFileReference; explicitFileType = wrapper.application; includeInIndex = 0; path = YJKit_Example.app; sourceTree = BUILT_PRODUCTS_DIR; };
		6003F58D195388D20070C39A /* Foundation.framework */ = {isa = PBXFileReference; lastKnownFileType = wrapper.framework; name = Foundation.framework; path = System/Library/Frameworks/Foundation.framework; sourceTree = SDKROOT; };
		6003F58F195388D20070C39A /* CoreGraphics.framework */ = {isa = PBXFileReference; lastKnownFileType = wrapper.framework; name = CoreGraphics.framework; path = System/Library/Frameworks/CoreGraphics.framework; sourceTree = SDKROOT; };
		6003F591195388D20070C39A /* UIKit.framework */ = {isa = PBXFileReference; lastKnownFileType = wrapper.framework; name = UIKit.framework; path = System/Library/Frameworks/UIKit.framework; sourceTree = SDKROOT; };
		6003F595195388D20070C39A /* YJKit-Info.plist */ = {isa = PBXFileReference; lastKnownFileType = text.plist.xml; path = "YJKit-Info.plist"; sourceTree = "<group>"; };
		6003F597195388D20070C39A /* en */ = {isa = PBXFileReference; lastKnownFileType = text.plist.strings; name = en; path = en.lproj/InfoPlist.strings; sourceTree = "<group>"; };
		6003F599195388D20070C39A /* main.m */ = {isa = PBXFileReference; lastKnownFileType = sourcecode.c.objc; path = main.m; sourceTree = "<group>"; };
		6003F59B195388D20070C39A /* YJKit-Prefix.pch */ = {isa = PBXFileReference; lastKnownFileType = sourcecode.c.h; path = "YJKit-Prefix.pch"; sourceTree = "<group>"; };
		6003F59C195388D20070C39A /* YJAppDelegate.h */ = {isa = PBXFileReference; lastKnownFileType = sourcecode.c.h; path = YJAppDelegate.h; sourceTree = "<group>"; };
		6003F59D195388D20070C39A /* YJAppDelegate.m */ = {isa = PBXFileReference; lastKnownFileType = sourcecode.c.objc; path = YJAppDelegate.m; sourceTree = "<group>"; };
		6003F5A5195388D20070C39A /* YJViewController.h */ = {isa = PBXFileReference; lastKnownFileType = sourcecode.c.h; path = YJViewController.h; sourceTree = "<group>"; };
		6003F5A6195388D20070C39A /* YJViewController.m */ = {isa = PBXFileReference; lastKnownFileType = sourcecode.c.objc; path = YJViewController.m; sourceTree = "<group>"; };
		6003F5A8195388D20070C39A /* Images.xcassets */ = {isa = PBXFileReference; lastKnownFileType = folder.assetcatalog; path = Images.xcassets; sourceTree = "<group>"; };
		6003F5AE195388D20070C39A /* YJKit_Tests.xctest */ = {isa = PBXFileReference; explicitFileType = wrapper.cfbundle; includeInIndex = 0; path = YJKit_Tests.xctest; sourceTree = BUILT_PRODUCTS_DIR; };
		6003F5AF195388D20070C39A /* XCTest.framework */ = {isa = PBXFileReference; lastKnownFileType = wrapper.framework; name = XCTest.framework; path = Library/Frameworks/XCTest.framework; sourceTree = DEVELOPER_DIR; };
		6003F5B7195388D20070C39A /* Tests-Info.plist */ = {isa = PBXFileReference; lastKnownFileType = text.plist.xml; path = "Tests-Info.plist"; sourceTree = "<group>"; };
		6003F5B9195388D20070C39A /* en */ = {isa = PBXFileReference; lastKnownFileType = text.plist.strings; name = en; path = en.lproj/InfoPlist.strings; sourceTree = "<group>"; };
		606FC2411953D9B200FFA9A0 /* Tests-Prefix.pch */ = {isa = PBXFileReference; lastKnownFileType = sourcecode.c.h; path = "Tests-Prefix.pch"; sourceTree = "<group>"; };
		A4E3619C885051E572C0483E /* LICENSE */ = {isa = PBXFileReference; includeInIndex = 1; lastKnownFileType = text; name = LICENSE; path = ../LICENSE; sourceTree = "<group>"; };
		D6627507F47E9F7BBE78AB52 /* YJKit.podspec */ = {isa = PBXFileReference; includeInIndex = 1; lastKnownFileType = text; name = YJKit.podspec; path = ../YJKit.podspec; sourceTree = "<group>"; };
		E90B7132355AB3B4DF313D99 /* README.md */ = {isa = PBXFileReference; includeInIndex = 1; lastKnownFileType = net.daringfireball.markdown; name = README.md; path = ../README.md; sourceTree = "<group>"; };
/* End PBXFileReference section */

/* Begin PBXFrameworksBuildPhase section */
		6003F587195388D20070C39A /* Frameworks */ = {
			isa = PBXFrameworksBuildPhase;
			buildActionMask = 2147483647;
			files = (
				6003F590195388D20070C39A /* CoreGraphics.framework in Frameworks */,
				6003F592195388D20070C39A /* UIKit.framework in Frameworks */,
				6003F58E195388D20070C39A /* Foundation.framework in Frameworks */,
			);
			runOnlyForDeploymentPostprocessing = 0;
		};
		6003F5AB195388D20070C39A /* Frameworks */ = {
			isa = PBXFrameworksBuildPhase;
			buildActionMask = 2147483647;
			files = (
				6003F5B0195388D20070C39A /* XCTest.framework in Frameworks */,
				6003F5B2195388D20070C39A /* UIKit.framework in Frameworks */,
				6003F5B1195388D20070C39A /* Foundation.framework in Frameworks */,
			);
			runOnlyForDeploymentPostprocessing = 0;
		};
/* End PBXFrameworksBuildPhase section */

/* Begin PBXGroup section */
		326388651CF2B3390026BED8 /* YJKit */ = {
			isa = PBXGroup;
			children = (
				326388EE1CF2B3390026BED8 /* YJKit.h */,
				326388661CF2B3390026BED8 /* AVFoundation */,
				326388691CF2B3390026BED8 /* Base */,
				326388E51CF2B3390026BED8 /* Dependencies */,
				326388E61CF2B3390026BED8 /* Utility */,
			);
			name = YJKit;
			path = ../YJKit;
			sourceTree = "<group>";
		};
		326388661CF2B3390026BED8 /* AVFoundation */ = {
			isa = PBXGroup;
			children = (
				326388671CF2B3390026BED8 /* AVCaptureSession+YJCategory.h */,
				326388681CF2B3390026BED8 /* AVCaptureSession+YJCategory.m */,
			);
			path = AVFoundation;
			sourceTree = "<group>";
		};
		326388691CF2B3390026BED8 /* Base */ = {
			isa = PBXGroup;
			children = (
				3263886A1CF2B3390026BED8 /* Foundation */,
				326388931CF2B3390026BED8 /* Macros */,
				3263889C1CF2B3390026BED8 /* Quartz */,
				326388A01CF2B3390026BED8 /* UIKit */,
			);
			path = Base;
			sourceTree = "<group>";
		};
		3263886A1CF2B3390026BED8 /* Foundation */ = {
			isa = PBXGroup;
			children = (
				3263888F1CF2B3390026BED8 /* FoundationExt.h */,
				326F34971CF5C20F00B2FF75 /* Categories */,
			);
			path = Foundation;
			sourceTree = "<group>";
		};
		326388931CF2B3390026BED8 /* Macros */ = {
			isa = PBXGroup;
			children = (
				326388941CF2B3390026BED8 /* YJClangMacros.h */,
				326388951CF2B3390026BED8 /* YJConfigureMacros.h */,
				326388961CF2B3390026BED8 /* YJDebugMacros.h */,
				326388971CF2B3390026BED8 /* YJExecutionMacros.h */,
				326388981CF2B3390026BED8 /* YJMacros.h */,
				326388991CF2B3390026BED8 /* YJMathMacros.h */,
				3263889A1CF2B3390026BED8 /* YJObjcMacros.h */,
				3263889B1CF2B3390026BED8 /* YJUIMacros.h */,
			);
			path = Macros;
			sourceTree = "<group>";
		};
		3263889C1CF2B3390026BED8 /* Quartz */ = {
			isa = PBXGroup;
			children = (
				3263889F1CF2B3390026BED8 /* QuartzExt.h */,
				3263889E1CF2B3390026BED8 /* YJGeometryExtension.h */,
				3263889D1CF2B3390026BED8 /* YJGeometryExtension.c */,
			);
			path = Quartz;
			sourceTree = "<group>";
		};
		326388A01CF2B3390026BED8 /* UIKit */ = {
			isa = PBXGroup;
			children = (
				326388C31CF2B3390026BED8 /* UIKitExt.h */,
				326388A11CF2B3390026BED8 /* Categories */,
				326388B81CF2B3390026BED8 /* Privates */,
				326388BB1CF2B3390026BED8 /* Protocols */,
				326388BC1CF2B3390026BED8 /* Structures */,
				326388C41CF2B3390026BED8 /* YJMaskFamily */,
			);
			path = UIKit;
			sourceTree = "<group>";
		};
		326388A11CF2B3390026BED8 /* Categories */ = {
			isa = PBXGroup;
			children = (
				326388A21CF2B3390026BED8 /* UIActionSheet+YJBlockBased.h */,
				326388A31CF2B3390026BED8 /* UIActionSheet+YJBlockBased.m */,
				326388A41CF2B3390026BED8 /* UIAlertView+YJBlockBased.h */,
				326388A51CF2B3390026BED8 /* UIAlertView+YJBlockBased.m */,
				326388A61CF2B3390026BED8 /* UIBarButtonItem+YJBlockBased.h */,
				326388A71CF2B3390026BED8 /* UIBarButtonItem+YJBlockBased.m */,
				326388A81CF2B3390026BED8 /* UIColor+YJCategory.h */,
				326388A91CF2B3390026BED8 /* UIColor+YJCategory.m */,
				326388AA1CF2B3390026BED8 /* UIControl+YJBlockBased.h */,
				326388AB1CF2B3390026BED8 /* UIControl+YJBlockBased.m */,
				326388AC1CF2B3390026BED8 /* UIDevice+YJCategory.h */,
				326388AD1CF2B3390026BED8 /* UIDevice+YJCategory.m */,
				326388AE1CF2B3390026BED8 /* UIGestureRecognizer+YJBlockBased.h */,
				326388AF1CF2B3390026BED8 /* UIGestureRecognizer+YJBlockBased.m */,
				326388B01CF2B3390026BED8 /* UIImage+YJCategory.h */,
				326388B11CF2B3390026BED8 /* UIImage+YJCategory.m */,
				326388B21CF2B3390026BED8 /* UIImageView+YJGeometryExtension.h */,
				326388B31CF2B3390026BED8 /* UIImageView+YJGeometryExtension.m */,
				326388B41CF2B3390026BED8 /* UIScreen+YJCategory.h */,
				326388B51CF2B3390026BED8 /* UIScreen+YJCategory.m */,
				326388B61CF2B3390026BED8 /* UIView+YJCategory.h */,
				326388B71CF2B3390026BED8 /* UIView+YJCategory.m */,
				326F34911CF5459F00B2FF75 /* UITextView+YJCategory.h */,
				326F34921CF5459F00B2FF75 /* UITextView+YJCategory.m */,
				326F34D41CF5F70300B2FF75 /* UITextField+YJCategory.h */,
				326F34D51CF5F70300B2FF75 /* UITextField+YJCategory.m */,
			);
			path = Categories;
			sourceTree = "<group>";
		};
		326388B81CF2B3390026BED8 /* Privates */ = {
			isa = PBXGroup;
			children = (
				326388B91CF2B3390026BED8 /* _YJAlertDelegate.h */,
				326388BA1CF2B3390026BED8 /* _YJAlertDelegate.m */,
			);
			path = Privates;
			sourceTree = "<group>";
		};
		326388BB1CF2B3390026BED8 /* Protocols */ = {
			isa = PBXGroup;
			children = (
			);
			path = Protocols;
			sourceTree = "<group>";
		};
		326388BC1CF2B3390026BED8 /* Structures */ = {
			isa = PBXGroup;
			children = (
				326388BD1CF2B3390026BED8 /* RGBColor.h */,
				326388BE1CF2B3390026BED8 /* RGBColor.m */,
				326388C11CF2B3390026BED8 /* YJContentIndents.h */,
				326388C21CF2B3390026BED8 /* YJContentIndents.m */,
			);
			path = Structures;
			sourceTree = "<group>";
		};
		326388C41CF2B3390026BED8 /* YJMaskFamily */ = {
			isa = PBXGroup;
			children = (
				326388CF1CF2B3390026BED8 /* YJMaskFamily.h */,
				326388C51CF2B3390026BED8 /* Protocol */,
				326388C71CF2B3390026BED8 /* Reuse */,
				326388CA1CF2B3390026BED8 /* YJMaskExt */,
				326388D01CF2B3390026BED8 /* YJMaskSubclasses */,
			);
			path = YJMaskFamily;
			sourceTree = "<group>";
		};
		326388C51CF2B3390026BED8 /* Protocol */ = {
			isa = PBXGroup;
			children = (
				326388C61CF2B3390026BED8 /* YJLayerBasedMasking.h */,
			);
			path = Protocol;
			sourceTree = "<group>";
		};
		326388C71CF2B3390026BED8 /* Reuse */ = {
			isa = PBXGroup;
			children = (
				326388C81CF2B3390026BED8 /* _YJLayerBasedMasking.h */,
				326388C91CF2B3390026BED8 /* _YJRoundedCornerView.h */,
			);
			path = Reuse;
			sourceTree = "<group>";
		};
		326388CA1CF2B3390026BED8 /* YJMaskExt */ = {
			isa = PBXGroup;
			children = (
				326388CB1CF2B3390026BED8 /* CAShapeLayer+YJLayerBasedMasking.h */,
				326388CC1CF2B3390026BED8 /* CAShapeLayer+YJLayerBasedMasking.m */,
				326388CD1CF2B3390026BED8 /* UIBezierPath+YJLayerBasedMasking.h */,
				326388CE1CF2B3390026BED8 /* UIBezierPath+YJLayerBasedMasking.m */,
			);
			path = YJMaskExt;
			sourceTree = "<group>";
		};
		326388D01CF2B3390026BED8 /* YJMaskSubclasses */ = {
			isa = PBXGroup;
			children = (
				326388D11CF2B3390026BED8 /* YJCircularImageView.h */,
				326388D21CF2B3390026BED8 /* YJCircularImageView.m */,
				326388D31CF2B3390026BED8 /* YJMaskedImageView.h */,
				326388D41CF2B3390026BED8 /* YJMaskedImageView.m */,
				326388D51CF2B3390026BED8 /* YJMaskedView.h */,
				326388D61CF2B3390026BED8 /* YJMaskedView.m */,
				326388D71CF2B3390026BED8 /* YJRoundedCornerButton.h */,
				326388D81CF2B3390026BED8 /* YJRoundedCornerButton.m */,
				326388D91CF2B3390026BED8 /* YJRoundedCornerImageView.h */,
				326388DA1CF2B3390026BED8 /* YJRoundedCornerImageView.m */,
				326388DB1CF2B3390026BED8 /* YJRoundedCornerLabel.h */,
				326388DC1CF2B3390026BED8 /* YJRoundedCornerLabel.m */,
				326388DD1CF2B3390026BED8 /* YJRoundedCornerTextView.h */,
				326388DE1CF2B3390026BED8 /* YJRoundedCornerTextView.m */,
				326388DF1CF2B3390026BED8 /* YJRoundedCornerView.h */,
				326388E01CF2B3390026BED8 /* YJRoundedCornerView.m */,
				326388E11CF2B3390026BED8 /* YJSemicircularCornerButton.h */,
				326388E21CF2B3390026BED8 /* YJSemicircularCornerButton.m */,
				326388E31CF2B3390026BED8 /* YJSemicircularCornerLabel.h */,
				326388E41CF2B3390026BED8 /* YJSemicircularCornerLabel.m */,
			);
			path = YJMaskSubclasses;
			sourceTree = "<group>";
		};
		326388E51CF2B3390026BED8 /* Dependencies */ = {
			isa = PBXGroup;
			children = (
			);
			path = Dependencies;
			sourceTree = "<group>";
		};
		326388E61CF2B3390026BED8 /* Utility */ = {
			isa = PBXGroup;
			children = (
				326388ED1CF2B3390026BED8 /* YJUtilities.h */,
				326388E71CF2B3390026BED8 /* YJGroupedStyleTableViewController.h */,
				326388E81CF2B3390026BED8 /* YJGroupedStyleTableViewController.m */,
				326388E91CF2B3390026BED8 /* YJMemoryCache.h */,
				326388EA1CF2B3390026BED8 /* YJMemoryCache.m */,
				326388EB1CF2B3390026BED8 /* YJPhotoLibrary.h */,
				326388EC1CF2B3390026BED8 /* YJPhotoLibrary.m */,
			);
			path = Utility;
			sourceTree = "<group>";
		};
		326F34971CF5C20F00B2FF75 /* Categories */ = {
			isa = PBXGroup;
			children = (
				326F34AB1CF5C20F00B2FF75 /* Generics */,
				326F34981CF5C20F00B2FF75 /* CollectionType */,
			);
			path = Categories;
			sourceTree = "<group>";
		};
		326F34981CF5C20F00B2FF75 /* CollectionType */ = {
			isa = PBXGroup;
			children = (
				326F34991CF5C20F00B2FF75 /* NSArray+YJCollection.h */,
				326F349A1CF5C20F00B2FF75 /* NSArray+YJCollection.m */,
				326F349B1CF5C20F00B2FF75 /* NSArray+YJSequence.h */,
				326F349C1CF5C20F00B2FF75 /* NSArray+YJSequence.m */,
				326F349D1CF5C20F00B2FF75 /* NSMutableArray+YJCollection.h */,
				326F349E1CF5C20F00B2FF75 /* NSMutableArray+YJCollection.m */,
				326F349F1CF5C20F00B2FF75 /* NSMutableArray+YJSequence.h */,
				326F34A01CF5C20F00B2FF75 /* NSMutableArray+YJSequence.m */,
				326F34A11CF5C20F00B2FF75 /* NSMutableSet+YJCollection.h */,
				326F34A21CF5C20F00B2FF75 /* NSMutableSet+YJCollection.m */,
				326F34A31CF5C20F00B2FF75 /* NSMutableString+YJSequence.h */,
				326F34A41CF5C20F00B2FF75 /* NSMutableString+YJSequence.m */,
				326F34A51CF5C20F00B2FF75 /* NSSet+YJCollection.h */,
				326F34A61CF5C20F00B2FF75 /* NSSet+YJCollection.m */,
				326F34A71CF5C20F00B2FF75 /* NSString+YJCollection.h */,
				326F34A81CF5C20F00B2FF75 /* NSString+YJCollection.m */,
				326F34A91CF5C20F00B2FF75 /* NSString+YJSequence.h */,
				326F34AA1CF5C20F00B2FF75 /* NSString+YJSequence.m */,
			);
			path = CollectionType;
			sourceTree = "<group>";
		};
		326F34AB1CF5C20F00B2FF75 /* Generics */ = {
			isa = PBXGroup;
			children = (
				326F34B21CF5C20F00B2FF75 /* NSObject */,
				326F34AC1CF5C20F00B2FF75 /* NSBundle+YJCategory.h */,
				326F34AD1CF5C20F00B2FF75 /* NSBundle+YJCategory.m */,
				326F34CE1CF5C2BD00B2FF75 /* NSValue+YJGeometryExtension.h */,
				326F34CF1CF5C2BD00B2FF75 /* NSValue+YJGeometryExtension.m */,
				326F34BC1CF5C20F00B2FF75 /* NSTimer+YJBlockBased.h */,
				326F34BB1CF5C20F00B2FF75 /* NSTimer+YJBlockBased.m */,
			);
			path = Generics;
			sourceTree = "<group>";
		};
		326F34B21CF5C20F00B2FF75 /* NSObject */ = {
			isa = PBXGroup;
			children = (
				326F34B31CF5C20F00B2FF75 /* NSObject+YJAssociatedIdentifier.h */,
				326F34B41CF5C20F00B2FF75 /* NSObject+YJAssociatedIdentifier.m */,
				326F34B51CF5C20F00B2FF75 /* NSObject+YJBlockBasedKVO.h */,
				326F34B61CF5C20F00B2FF75 /* NSObject+YJBlockBasedKVO.m */,
				326F34B71CF5C20F00B2FF75 /* NSObject+YJCategory_Swizzling.h */,
				326F34B81CF5C20F00B2FF75 /* NSObject+YJCategory_Swizzling.m */,
				326F34B91CF5C20F00B2FF75 /* NSObject+YJMutabilityChecking.h */,
				326F34BA1CF5C20F00B2FF75 /* NSObject+YJMutabilityChecking.m */,
				326F34D11CF5C9C100B2FF75 /* NSObject+YJTaggedPointerChecking.h */,
				326F34D21CF5C9C100B2FF75 /* NSObject+YJTaggedPointerChecking.m */,
			);
			path = NSObject;
			sourceTree = "<group>";
		};
		6003F581195388D10070C39A = {
			isa = PBXGroup;
			children = (
				326388651CF2B3390026BED8 /* YJKit */,
				60FF7A9C1954A5C5007DD14C /* Podspec Metadata */,
				6003F593195388D20070C39A /* Example for YJKit */,
				6003F5B5195388D20070C39A /* Tests */,
				6003F58C195388D20070C39A /* Frameworks */,
				6003F58B195388D20070C39A /* Products */,
			);
			sourceTree = "<group>";
		};
		6003F58B195388D20070C39A /* Products */ = {
			isa = PBXGroup;
			children = (
				6003F58A195388D20070C39A /* YJKit_Example.app */,
				6003F5AE195388D20070C39A /* YJKit_Tests.xctest */,
			);
			name = Products;
			sourceTree = "<group>";
		};
		6003F58C195388D20070C39A /* Frameworks */ = {
			isa = PBXGroup;
			children = (
				6003F58D195388D20070C39A /* Foundation.framework */,
				6003F58F195388D20070C39A /* CoreGraphics.framework */,
				6003F591195388D20070C39A /* UIKit.framework */,
				6003F5AF195388D20070C39A /* XCTest.framework */,
			);
			name = Frameworks;
			sourceTree = "<group>";
		};
		6003F593195388D20070C39A /* Example for YJKit */ = {
			isa = PBXGroup;
			children = (
				6003F59C195388D20070C39A /* YJAppDelegate.h */,
				6003F59D195388D20070C39A /* YJAppDelegate.m */,
				6003F5A5195388D20070C39A /* YJViewController.h */,
				6003F5A6195388D20070C39A /* YJViewController.m */,
				3268A1D21CA83F5300B71E50 /* YJGeometryViewController.h */,
				3268A1D31CA83F5300B71E50 /* YJGeometryViewController.m */,
				32CB4AA91CCA3C880050C01B /* YJSavingImageToAlbumViewController.h */,
				32CB4AAA1CCA3C880050C01B /* YJSavingImageToAlbumViewController.m */,
				324AB09E1CD1C6EE00A9DCF0 /* YJMaskViewController.h */,
				324AB09F1CD1C6EE00A9DCF0 /* YJMaskViewController.m */,
				32058DCA1CDDC4FC006AE929 /* YJMaskViewController.xib */,
				32B8C1611CED731400E2639B /* YJMaskContentViewController.h */,
				32B8C1621CED731400E2639B /* YJMaskContentViewController.m */,
				32B8C1631CED731400E2639B /* YJMaskContentViewController.xib */,
				3238B26C1CE1FDF50018D1F0 /* YJMaskTableViewController.h */,
				3238B26D1CE1FDF50018D1F0 /* YJMaskTableViewController.m */,
				32DE8AA11CEB22EE00E63005 /* YJStaticTableViewController.h */,
				32DE8AA21CEB22EE00E63005 /* YJStaticTableViewController.m */,
				32DE8AA41CEB5E0B00E63005 /* YJStaticHeaderCell.h */,
				32DE8AA51CEB5E0B00E63005 /* YJStaticHeaderCell.m */,
				32DE8AA61CEB5E0B00E63005 /* YJStaticHeaderCell.xib */,
				324AB0A71CD1EE8C00A9DCF0 /* Puppy.jpg */,
				3204F0BF1CACA98D006282DF /* Octocat.png */,
				32E5D29E1CDC7DEE0070B96D /* yj_head_icon.png */,
				6003F5A8195388D20070C39A /* Images.xcassets */,
				320A97EE1CA9493800485B9A /* AFTCameraUI.bundle */,
				6003F594195388D20070C39A /* Supporting Files */,
			);
			name = "Example for YJKit";
			path = YJKit;
			sourceTree = "<group>";
		};
		6003F594195388D20070C39A /* Supporting Files */ = {
			isa = PBXGroup;
			children = (
				6003F595195388D20070C39A /* YJKit-Info.plist */,
				6003F596195388D20070C39A /* InfoPlist.strings */,
				6003F599195388D20070C39A /* main.m */,
				6003F59B195388D20070C39A /* YJKit-Prefix.pch */,
				3204F0D31CACBF1C006282DF /* LaunchScreen.xib */,
			);
			name = "Supporting Files";
			sourceTree = "<group>";
		};
		6003F5B5195388D20070C39A /* Tests */ = {
			isa = PBXGroup;
			children = (
				32B8C1921CEE110F00E2639B /* Tests.m */,
				6003F5B6195388D20070C39A /* Supporting Files */,
				32B8C1901CEE109700E2639B /* YJStringSequence.m */,
				3204386C1CEEF3E9006806EC /* YJArraySequence.m */,
				32F0C7B51CEF2E2A00234ECF /* YJCollectionTest.m */,
				320438711CEF14EC006806EC /* YJGeneralTest.m */,
			);
			path = Tests;
			sourceTree = "<group>";
		};
		6003F5B6195388D20070C39A /* Supporting Files */ = {
			isa = PBXGroup;
			children = (
				6003F5B7195388D20070C39A /* Tests-Info.plist */,
				6003F5B8195388D20070C39A /* InfoPlist.strings */,
				606FC2411953D9B200FFA9A0 /* Tests-Prefix.pch */,
			);
			name = "Supporting Files";
			sourceTree = "<group>";
		};
		60FF7A9C1954A5C5007DD14C /* Podspec Metadata */ = {
			isa = PBXGroup;
			children = (
				D6627507F47E9F7BBE78AB52 /* YJKit.podspec */,
				E90B7132355AB3B4DF313D99 /* README.md */,
				A4E3619C885051E572C0483E /* LICENSE */,
			);
			name = "Podspec Metadata";
			sourceTree = "<group>";
		};
/* End PBXGroup section */

/* Begin PBXNativeTarget section */
		6003F589195388D20070C39A /* YJKit_Example */ = {
			isa = PBXNativeTarget;
			buildConfigurationList = 6003F5BF195388D20070C39A /* Build configuration list for PBXNativeTarget "YJKit_Example" */;
			buildPhases = (
				6003F586195388D20070C39A /* Sources */,
				6003F587195388D20070C39A /* Frameworks */,
				6003F588195388D20070C39A /* Resources */,
			);
			buildRules = (
			);
			dependencies = (
			);
			name = YJKit_Example;
			productName = YJKit;
			productReference = 6003F58A195388D20070C39A /* YJKit_Example.app */;
			productType = "com.apple.product-type.application";
		};
		6003F5AD195388D20070C39A /* YJKit_Tests */ = {
			isa = PBXNativeTarget;
			buildConfigurationList = 6003F5C2195388D20070C39A /* Build configuration list for PBXNativeTarget "YJKit_Tests" */;
			buildPhases = (
				6003F5AA195388D20070C39A /* Sources */,
				6003F5AB195388D20070C39A /* Frameworks */,
				6003F5AC195388D20070C39A /* Resources */,
			);
			buildRules = (
			);
			dependencies = (
				6003F5B4195388D20070C39A /* PBXTargetDependency */,
			);
			name = YJKit_Tests;
			productName = YJKitTests;
			productReference = 6003F5AE195388D20070C39A /* YJKit_Tests.xctest */;
			productType = "com.apple.product-type.bundle.unit-test";
		};
/* End PBXNativeTarget section */

/* Begin PBXProject section */
		6003F582195388D10070C39A /* Project object */ = {
			isa = PBXProject;
			attributes = {
				CLASSPREFIX = YJ;
				LastUpgradeCheck = 0720;
				ORGANIZATIONNAME = "huang-kun";
				TargetAttributes = {
					6003F5AD195388D20070C39A = {
						TestTargetID = 6003F589195388D20070C39A;
					};
				};
			};
			buildConfigurationList = 6003F585195388D10070C39A /* Build configuration list for PBXProject "YJKit" */;
			compatibilityVersion = "Xcode 3.2";
			developmentRegion = English;
			hasScannedForEncodings = 0;
			knownRegions = (
				en,
				Base,
			);
			mainGroup = 6003F581195388D10070C39A;
			productRefGroup = 6003F58B195388D20070C39A /* Products */;
			projectDirPath = "";
			projectRoot = "";
			targets = (
				6003F589195388D20070C39A /* YJKit_Example */,
				6003F5AD195388D20070C39A /* YJKit_Tests */,
			);
		};
/* End PBXProject section */

/* Begin PBXResourcesBuildPhase section */
		6003F588195388D20070C39A /* Resources */ = {
			isa = PBXResourcesBuildPhase;
			buildActionMask = 2147483647;
			files = (
				3204F0D41CACBF1C006282DF /* LaunchScreen.xib in Resources */,
				6003F5A9195388D20070C39A /* Images.xcassets in Resources */,
				32E5D29F1CDC7DEE0070B96D /* yj_head_icon.png in Resources */,
				32DE8AA81CEB5E0B00E63005 /* YJStaticHeaderCell.xib in Resources */,
				6003F598195388D20070C39A /* InfoPlist.strings in Resources */,
				320A97EF1CA9493800485B9A /* AFTCameraUI.bundle in Resources */,
				32B8C1651CED731400E2639B /* YJMaskContentViewController.xib in Resources */,
				324AB0A81CD1EE8C00A9DCF0 /* Puppy.jpg in Resources */,
				3204F0C01CACA98D006282DF /* Octocat.png in Resources */,
				32058DCB1CDDC4FC006AE929 /* YJMaskViewController.xib in Resources */,
			);
			runOnlyForDeploymentPostprocessing = 0;
		};
		6003F5AC195388D20070C39A /* Resources */ = {
			isa = PBXResourcesBuildPhase;
			buildActionMask = 2147483647;
			files = (
				6003F5BA195388D20070C39A /* InfoPlist.strings in Resources */,
			);
			runOnlyForDeploymentPostprocessing = 0;
		};
/* End PBXResourcesBuildPhase section */

/* Begin PBXSourcesBuildPhase section */
		6003F586195388D20070C39A /* Sources */ = {
			isa = PBXSourcesBuildPhase;
			buildActionMask = 2147483647;
			files = (
				326389141CF2B3390026BED8 /* YJMaskedView.m in Sources */,
				326389181CF2B3390026BED8 /* YJRoundedCornerTextView.m in Sources */,
				3263890A1CF2B3390026BED8 /* UIScreen+YJCategory.m in Sources */,
				3263891D1CF2B3390026BED8 /* YJMemoryCache.m in Sources */,
				326389031CF2B3390026BED8 /* UIBarButtonItem+YJBlockBased.m in Sources */,
				326389021CF2B3390026BED8 /* UIAlertView+YJBlockBased.m in Sources */,
				326389131CF2B3390026BED8 /* YJMaskedImageView.m in Sources */,
				326389161CF2B3390026BED8 /* YJRoundedCornerImageView.m in Sources */,
				326F34C31CF5C20F00B2FF75 /* NSSet+YJCollection.m in Sources */,
				326F34CA1CF5C20F00B2FF75 /* NSObject+YJBlockBasedKVO.m in Sources */,
				3263890D1CF2B3390026BED8 /* RGBColor.m in Sources */,
				32B8C1641CED731400E2639B /* YJMaskContentViewController.m in Sources */,
				326F34C51CF5C20F00B2FF75 /* NSString+YJSequence.m in Sources */,
				326F34BF1CF5C20F00B2FF75 /* NSMutableArray+YJCollection.m in Sources */,
				326F34CC1CF5C20F00B2FF75 /* NSObject+YJMutabilityChecking.m in Sources */,
				3263891C1CF2B3390026BED8 /* YJGroupedStyleTableViewController.m in Sources */,
				326389071CF2B3390026BED8 /* UIGestureRecognizer+YJBlockBased.m in Sources */,
				326389151CF2B3390026BED8 /* YJRoundedCornerButton.m in Sources */,
				326F34D01CF5C2BD00B2FF75 /* NSValue+YJGeometryExtension.m in Sources */,
				32B8C1931CEE110F00E2639B /* Tests.m in Sources */,
				326F34CD1CF5C20F00B2FF75 /* NSTimer+YJBlockBased.m in Sources */,
				324AB0A01CD1C6EE00A9DCF0 /* YJMaskViewController.m in Sources */,
				326F34C61CF5C20F00B2FF75 /* NSBundle+YJCategory.m in Sources */,
				32CB4AAB1CCA3C880050C01B /* YJSavingImageToAlbumViewController.m in Sources */,
				3238B26E1CE1FDF50018D1F0 /* YJMaskTableViewController.m in Sources */,
				32DE8AA71CEB5E0B00E63005 /* YJStaticHeaderCell.m in Sources */,
				326F34D61CF5F70300B2FF75 /* UITextField+YJCategory.m in Sources */,
				6003F59E195388D20070C39A /* YJAppDelegate.m in Sources */,
				326389041CF2B3390026BED8 /* UIColor+YJCategory.m in Sources */,
				326F34D31CF5C9C100B2FF75 /* NSObject+YJTaggedPointerChecking.m in Sources */,
				326389171CF2B3390026BED8 /* YJRoundedCornerLabel.m in Sources */,
				326389001CF2B3390026BED8 /* YJGeometryExtension.c in Sources */,
				326F34C11CF5C20F00B2FF75 /* NSMutableSet+YJCollection.m in Sources */,
				326389061CF2B3390026BED8 /* UIDevice+YJCategory.m in Sources */,
				3263890C1CF2B3390026BED8 /* _YJAlertDelegate.m in Sources */,
				6003F5A7195388D20070C39A /* YJViewController.m in Sources */,
				326389011CF2B3390026BED8 /* UIActionSheet+YJBlockBased.m in Sources */,
				3263890F1CF2B3390026BED8 /* YJContentIndents.m in Sources */,
				326389111CF2B3390026BED8 /* UIBezierPath+YJLayerBasedMasking.m in Sources */,
				326F34C01CF5C20F00B2FF75 /* NSMutableArray+YJSequence.m in Sources */,
				326389091CF2B3390026BED8 /* UIImageView+YJGeometryExtension.m in Sources */,
				6003F59A195388D20070C39A /* main.m in Sources */,
				326F34931CF5459F00B2FF75 /* UITextView+YJCategory.m in Sources */,
				326F34C91CF5C20F00B2FF75 /* NSObject+YJAssociatedIdentifier.m in Sources */,
				326389121CF2B3390026BED8 /* YJCircularImageView.m in Sources */,
				326F34CB1CF5C20F00B2FF75 /* NSObject+YJCategory_Swizzling.m in Sources */,
				326389051CF2B3390026BED8 /* UIControl+YJBlockBased.m in Sources */,
				326389101CF2B3390026BED8 /* CAShapeLayer+YJLayerBasedMasking.m in Sources */,
				3263890B1CF2B3390026BED8 /* UIView+YJCategory.m in Sources */,
				326389081CF2B3390026BED8 /* UIImage+YJCategory.m in Sources */,
				3263891A1CF2B3390026BED8 /* YJSemicircularCornerButton.m in Sources */,
				326F34C21CF5C20F00B2FF75 /* NSMutableString+YJSequence.m in Sources */,
				3263891E1CF2B3390026BED8 /* YJPhotoLibrary.m in Sources */,
				3268A1D41CA83F5300B71E50 /* YJGeometryViewController.m in Sources */,
				32DE8AA31CEB22EE00E63005 /* YJStaticTableViewController.m in Sources */,
				3263891B1CF2B3390026BED8 /* YJSemicircularCornerLabel.m in Sources */,
				326F34C41CF5C20F00B2FF75 /* NSString+YJCollection.m in Sources */,
				326389191CF2B3390026BED8 /* YJRoundedCornerView.m in Sources */,
				326F34BE1CF5C20F00B2FF75 /* NSArray+YJSequence.m in Sources */,
				326388EF1CF2B3390026BED8 /* AVCaptureSession+YJCategory.m in Sources */,
				326F34BD1CF5C20F00B2FF75 /* NSArray+YJCollection.m in Sources */,
			);
			runOnlyForDeploymentPostprocessing = 0;
		};
		6003F5AA195388D20070C39A /* Sources */ = {
			isa = PBXSourcesBuildPhase;
			buildActionMask = 2147483647;
			files = (
				32F0C7B61CEF2E2A00234ECF /* YJCollectionTest.m in Sources */,
				320438721CEF14EC006806EC /* YJGeneralTest.m in Sources */,
				32B8C1911CEE109700E2639B /* YJStringSequence.m in Sources */,
				3204386D1CEEF3E9006806EC /* YJArraySequence.m in Sources */,
			);
			runOnlyForDeploymentPostprocessing = 0;
		};
/* End PBXSourcesBuildPhase section */

/* Begin PBXTargetDependency section */
		6003F5B4195388D20070C39A /* PBXTargetDependency */ = {
			isa = PBXTargetDependency;
			target = 6003F589195388D20070C39A /* YJKit_Example */;
			targetProxy = 6003F5B3195388D20070C39A /* PBXContainerItemProxy */;
		};
/* End PBXTargetDependency section */

/* Begin PBXVariantGroup section */
		6003F596195388D20070C39A /* InfoPlist.strings */ = {
			isa = PBXVariantGroup;
			children = (
				6003F597195388D20070C39A /* en */,
			);
			name = InfoPlist.strings;
			sourceTree = "<group>";
		};
		6003F5B8195388D20070C39A /* InfoPlist.strings */ = {
			isa = PBXVariantGroup;
			children = (
				6003F5B9195388D20070C39A /* en */,
			);
			name = InfoPlist.strings;
			sourceTree = "<group>";
		};
/* End PBXVariantGroup section */

/* Begin XCBuildConfiguration section */
		6003F5BD195388D20070C39A /* Debug */ = {
			isa = XCBuildConfiguration;
			buildSettings = {
				ALWAYS_SEARCH_USER_PATHS = NO;
				CLANG_CXX_LANGUAGE_STANDARD = "gnu++0x";
				CLANG_CXX_LIBRARY = "libc++";
				CLANG_ENABLE_MODULES = YES;
				CLANG_ENABLE_OBJC_ARC = YES;
				CLANG_WARN_BOOL_CONVERSION = YES;
				CLANG_WARN_CONSTANT_CONVERSION = YES;
				CLANG_WARN_DIRECT_OBJC_ISA_USAGE = YES_ERROR;
				CLANG_WARN_EMPTY_BODY = YES;
				CLANG_WARN_ENUM_CONVERSION = YES;
				CLANG_WARN_INT_CONVERSION = YES;
				CLANG_WARN_OBJC_ROOT_CLASS = YES_ERROR;
				CLANG_WARN__DUPLICATE_METHOD_MATCH = YES;
				"CODE_SIGN_IDENTITY[sdk=iphoneos*]" = "iPhone Developer";
				COPY_PHASE_STRIP = NO;
				ENABLE_TESTABILITY = YES;
				GCC_C_LANGUAGE_STANDARD = gnu99;
				GCC_DYNAMIC_NO_PIC = NO;
				GCC_OPTIMIZATION_LEVEL = 0;
				GCC_PREPROCESSOR_DEFINITIONS = (
					"DEBUG=1",
					"$(inherited)",
				);
				GCC_SYMBOLS_PRIVATE_EXTERN = NO;
				GCC_WARN_64_TO_32_BIT_CONVERSION = YES;
				GCC_WARN_ABOUT_RETURN_TYPE = YES_ERROR;
				GCC_WARN_UNDECLARED_SELECTOR = YES;
				GCC_WARN_UNINITIALIZED_AUTOS = YES_AGGRESSIVE;
				GCC_WARN_UNUSED_FUNCTION = YES;
				GCC_WARN_UNUSED_VARIABLE = YES;
				IPHONEOS_DEPLOYMENT_TARGET = 7.0;
				ONLY_ACTIVE_ARCH = YES;
				SDKROOT = iphoneos;
				TARGETED_DEVICE_FAMILY = "1,2";
			};
			name = Debug;
		};
		6003F5BE195388D20070C39A /* Release */ = {
			isa = XCBuildConfiguration;
			buildSettings = {
				ALWAYS_SEARCH_USER_PATHS = NO;
				CLANG_CXX_LANGUAGE_STANDARD = "gnu++0x";
				CLANG_CXX_LIBRARY = "libc++";
				CLANG_ENABLE_MODULES = YES;
				CLANG_ENABLE_OBJC_ARC = YES;
				CLANG_WARN_BOOL_CONVERSION = YES;
				CLANG_WARN_CONSTANT_CONVERSION = YES;
				CLANG_WARN_DIRECT_OBJC_ISA_USAGE = YES_ERROR;
				CLANG_WARN_EMPTY_BODY = YES;
				CLANG_WARN_ENUM_CONVERSION = YES;
				CLANG_WARN_INT_CONVERSION = YES;
				CLANG_WARN_OBJC_ROOT_CLASS = YES_ERROR;
				CLANG_WARN__DUPLICATE_METHOD_MATCH = YES;
				"CODE_SIGN_IDENTITY[sdk=iphoneos*]" = "iPhone Developer";
				COPY_PHASE_STRIP = YES;
				ENABLE_NS_ASSERTIONS = NO;
				GCC_C_LANGUAGE_STANDARD = gnu99;
				GCC_WARN_64_TO_32_BIT_CONVERSION = YES;
				GCC_WARN_ABOUT_RETURN_TYPE = YES_ERROR;
				GCC_WARN_UNDECLARED_SELECTOR = YES;
				GCC_WARN_UNINITIALIZED_AUTOS = YES_AGGRESSIVE;
				GCC_WARN_UNUSED_FUNCTION = YES;
				GCC_WARN_UNUSED_VARIABLE = YES;
				IPHONEOS_DEPLOYMENT_TARGET = 7.0;
				SDKROOT = iphoneos;
				TARGETED_DEVICE_FAMILY = "1,2";
				VALIDATE_PRODUCT = YES;
			};
			name = Release;
		};
		6003F5C0195388D20070C39A /* Debug */ = {
			isa = XCBuildConfiguration;
			buildSettings = {
				ASSETCATALOG_COMPILER_APPICON_NAME = AppIcon;
				ASSETCATALOG_COMPILER_LAUNCHIMAGE_NAME = LaunchImage;
				GCC_PRECOMPILE_PREFIX_HEADER = YES;
				GCC_PREFIX_HEADER = "YJKit/YJKit-Prefix.pch";
				INFOPLIST_FILE = "YJKit/YJKit-Info.plist";
				MODULE_NAME = ExampleApp;
				PRODUCT_BUNDLE_IDENTIFIER = "org.cocoapods.demo.${PRODUCT_NAME:rfc1034identifier}";
				PRODUCT_NAME = "$(TARGET_NAME)";
				WRAPPER_EXTENSION = app;
			};
			name = Debug;
		};
		6003F5C1195388D20070C39A /* Release */ = {
			isa = XCBuildConfiguration;
			buildSettings = {
				ASSETCATALOG_COMPILER_APPICON_NAME = AppIcon;
				ASSETCATALOG_COMPILER_LAUNCHIMAGE_NAME = LaunchImage;
				GCC_PRECOMPILE_PREFIX_HEADER = YES;
				GCC_PREFIX_HEADER = "YJKit/YJKit-Prefix.pch";
				INFOPLIST_FILE = "YJKit/YJKit-Info.plist";
				MODULE_NAME = ExampleApp;
				PRODUCT_BUNDLE_IDENTIFIER = "org.cocoapods.demo.${PRODUCT_NAME:rfc1034identifier}";
				PRODUCT_NAME = "$(TARGET_NAME)";
				WRAPPER_EXTENSION = app;
			};
			name = Release;
		};
		6003F5C3195388D20070C39A /* Debug */ = {
			isa = XCBuildConfiguration;
			buildSettings = {
				BUNDLE_LOADER = "$(TEST_HOST)";
				FRAMEWORK_SEARCH_PATHS = (
					"$(SDKROOT)/Developer/Library/Frameworks",
					"$(inherited)",
					"$(DEVELOPER_FRAMEWORKS_DIR)",
				);
				GCC_PRECOMPILE_PREFIX_HEADER = YES;
				GCC_PREFIX_HEADER = "Tests/Tests-Prefix.pch";
				GCC_PREPROCESSOR_DEFINITIONS = (
					"DEBUG=1",
					"$(inherited)",
				);
				INFOPLIST_FILE = "Tests/Tests-Info.plist";
				PRODUCT_BUNDLE_IDENTIFIER = "org.cocoapods.demo.${PRODUCT_NAME:rfc1034identifier}";
				PRODUCT_NAME = "$(TARGET_NAME)";
				TEST_HOST = "$(BUILT_PRODUCTS_DIR)/YJKit_Example.app/YJKit_Example";
				WRAPPER_EXTENSION = xctest;
			};
			name = Debug;
		};
		6003F5C4195388D20070C39A /* Release */ = {
			isa = XCBuildConfiguration;
			buildSettings = {
				BUNDLE_LOADER = "$(TEST_HOST)";
				FRAMEWORK_SEARCH_PATHS = (
					"$(SDKROOT)/Developer/Library/Frameworks",
					"$(inherited)",
					"$(DEVELOPER_FRAMEWORKS_DIR)",
				);
				GCC_PRECOMPILE_PREFIX_HEADER = YES;
				GCC_PREFIX_HEADER = "Tests/Tests-Prefix.pch";
				INFOPLIST_FILE = "Tests/Tests-Info.plist";
				PRODUCT_BUNDLE_IDENTIFIER = "org.cocoapods.demo.${PRODUCT_NAME:rfc1034identifier}";
				PRODUCT_NAME = "$(TARGET_NAME)";
				TEST_HOST = "$(BUILT_PRODUCTS_DIR)/YJKit_Example.app/YJKit_Example";
				WRAPPER_EXTENSION = xctest;
			};
			name = Release;
		};
/* End XCBuildConfiguration section */

/* Begin XCConfigurationList section */
		6003F585195388D10070C39A /* Build configuration list for PBXProject "YJKit" */ = {
			isa = XCConfigurationList;
			buildConfigurations = (
				6003F5BD195388D20070C39A /* Debug */,
				6003F5BE195388D20070C39A /* Release */,
			);
			defaultConfigurationIsVisible = 0;
			defaultConfigurationName = Release;
		};
		6003F5BF195388D20070C39A /* Build configuration list for PBXNativeTarget "YJKit_Example" */ = {
			isa = XCConfigurationList;
			buildConfigurations = (
				6003F5C0195388D20070C39A /* Debug */,
				6003F5C1195388D20070C39A /* Release */,
			);
			defaultConfigurationIsVisible = 0;
			defaultConfigurationName = Release;
		};
		6003F5C2195388D20070C39A /* Build configuration list for PBXNativeTarget "YJKit_Tests" */ = {
			isa = XCConfigurationList;
			buildConfigurations = (
				6003F5C3195388D20070C39A /* Debug */,
				6003F5C4195388D20070C39A /* Release */,
			);
			defaultConfigurationIsVisible = 0;
			defaultConfigurationName = Release;
		};
/* End XCConfigurationList section */
	};
	rootObject = 6003F582195388D10070C39A /* Project object */;
}
