// !$*UTF8*$!
{
	archiveVersion = 1;
	classes = {
	};
	objectVersion = 46;
	objects = {

/* Begin PBXBuildFile section */
		3204F0C01CACA98D006282DF /* Octocat.png in Resources */ = {isa = PBXBuildFile; fileRef = 3204F0BF1CACA98D006282DF /* Octocat.png */; };
		3204F0D41CACBF1C006282DF /* LaunchScreen.xib in Resources */ = {isa = PBXBuildFile; fileRef = 3204F0D31CACBF1C006282DF /* LaunchScreen.xib */; };
		3204F0F11CACC2BA006282DF /* AVCaptureSession+YJCategory.m in Sources */ = {isa = PBXBuildFile; fileRef = 3204F0D81CACC2BA006282DF /* AVCaptureSession+YJCategory.m */; };
		32058DCB1CDDC4FC006AE929 /* YJMaskViewController.xib in Resources */ = {isa = PBXBuildFile; fileRef = 32058DCA1CDDC4FC006AE929 /* YJMaskViewController.xib */; };
		320A97EF1CA9493800485B9A /* AFTCameraUI.bundle in Resources */ = {isa = PBXBuildFile; fileRef = 320A97EE1CA9493800485B9A /* AFTCameraUI.bundle */; };
		324AB0A01CD1C6EE00A9DCF0 /* YJMaskViewController.m in Sources */ = {isa = PBXBuildFile; fileRef = 324AB09F1CD1C6EE00A9DCF0 /* YJMaskViewController.m */; };
		324AB0A81CD1EE8C00A9DCF0 /* Puppy.jpg in Resources */ = {isa = PBXBuildFile; fileRef = 324AB0A71CD1EE8C00A9DCF0 /* Puppy.jpg */; };
		324E98BE1CABC75F00CFB8D3 /* YJGridViewController.m in Sources */ = {isa = PBXBuildFile; fileRef = 324E98BD1CABC75F00CFB8D3 /* YJGridViewController.m */; };
		3268A1D41CA83F5300B71E50 /* YJGeometryViewController.m in Sources */ = {isa = PBXBuildFile; fileRef = 3268A1D31CA83F5300B71E50 /* YJGeometryViewController.m */; };
		32CB4AAB1CCA3C880050C01B /* YJSavingImageToAlbumViewController.m in Sources */ = {isa = PBXBuildFile; fileRef = 32CB4AAA1CCA3C880050C01B /* YJSavingImageToAlbumViewController.m */; };
		32E5D29F1CDC7DEE0070B96D /* yj_head_icon.png in Resources */ = {isa = PBXBuildFile; fileRef = 32E5D29E1CDC7DEE0070B96D /* yj_head_icon.png */; };
		32FC759D1CDF3477009855B9 /* YJMemoryCache.m in Sources */ = {isa = PBXBuildFile; fileRef = 32FC75531CDF3477009855B9 /* YJMemoryCache.m */; };
		32FC759E1CDF3477009855B9 /* NSArray+YJCategory.m in Sources */ = {isa = PBXBuildFile; fileRef = 32FC75561CDF3477009855B9 /* NSArray+YJCategory.m */; };
		32FC759F1CDF3477009855B9 /* NSBundle+YJCategory.m in Sources */ = {isa = PBXBuildFile; fileRef = 32FC75581CDF3477009855B9 /* NSBundle+YJCategory.m */; };
		32FC75A01CDF3477009855B9 /* NSObject+YJCategory_KVO.m in Sources */ = {isa = PBXBuildFile; fileRef = 32FC755A1CDF3477009855B9 /* NSObject+YJCategory_KVO.m */; };
		32FC75A11CDF3477009855B9 /* NSSet+YJCategory.m in Sources */ = {isa = PBXBuildFile; fileRef = 32FC755C1CDF3477009855B9 /* NSSet+YJCategory.m */; };
		32FC75A21CDF3477009855B9 /* NSTimer+YJCategory.m in Sources */ = {isa = PBXBuildFile; fileRef = 32FC755E1CDF3477009855B9 /* NSTimer+YJCategory.m */; };
		32FC75A31CDF3477009855B9 /* CAShapeLayer+YJCategory.m in Sources */ = {isa = PBXBuildFile; fileRef = 32FC75691CDF3477009855B9 /* CAShapeLayer+YJCategory.m */; };
		32FC75A41CDF3477009855B9 /* CGGeometry_YJExtension.c in Sources */ = {isa = PBXBuildFile; fileRef = 32FC756A1CDF3477009855B9 /* CGGeometry_YJExtension.c */; };
		32FC75A51CDF3477009855B9 /* UIActionSheet+YJCategory.m in Sources */ = {isa = PBXBuildFile; fileRef = 32FC756F1CDF3477009855B9 /* UIActionSheet+YJCategory.m */; };
		32FC75A61CDF3477009855B9 /* UIAlertView+YJCategory.m in Sources */ = {isa = PBXBuildFile; fileRef = 32FC75711CDF3477009855B9 /* UIAlertView+YJCategory.m */; };
		32FC75A71CDF3477009855B9 /* UIBarButtonItem+YJCategory.m in Sources */ = {isa = PBXBuildFile; fileRef = 32FC75731CDF3477009855B9 /* UIBarButtonItem+YJCategory.m */; };
		32FC75A81CDF3477009855B9 /* UIBezierPath+YJCategory.m in Sources */ = {isa = PBXBuildFile; fileRef = 32FC75751CDF3477009855B9 /* UIBezierPath+YJCategory.m */; };
		32FC75A91CDF3477009855B9 /* UIColor+YJCategory.m in Sources */ = {isa = PBXBuildFile; fileRef = 32FC75771CDF3477009855B9 /* UIColor+YJCategory.m */; };
		32FC75AA1CDF3477009855B9 /* UIControl+YJCategory.m in Sources */ = {isa = PBXBuildFile; fileRef = 32FC75791CDF3477009855B9 /* UIControl+YJCategory.m */; };
		32FC75AB1CDF3477009855B9 /* UIDevice+YJCategory.m in Sources */ = {isa = PBXBuildFile; fileRef = 32FC757B1CDF3477009855B9 /* UIDevice+YJCategory.m */; };
		32FC75AC1CDF3477009855B9 /* UIGestureRecognizer+YJCategory.m in Sources */ = {isa = PBXBuildFile; fileRef = 32FC757D1CDF3477009855B9 /* UIGestureRecognizer+YJCategory.m */; };
		32FC75AD1CDF3477009855B9 /* UIImage+YJCategory.m in Sources */ = {isa = PBXBuildFile; fileRef = 32FC757F1CDF3477009855B9 /* UIImage+YJCategory.m */; };
		32FC75AE1CDF3477009855B9 /* UIImageView+YJCategory.m in Sources */ = {isa = PBXBuildFile; fileRef = 32FC75811CDF3477009855B9 /* UIImageView+YJCategory.m */; };
		32FC75AF1CDF3477009855B9 /* UIScreen+YJCategory.m in Sources */ = {isa = PBXBuildFile; fileRef = 32FC75831CDF3477009855B9 /* UIScreen+YJCategory.m */; };
		32FC75B01CDF3477009855B9 /* UIView+YJCategory.m in Sources */ = {isa = PBXBuildFile; fileRef = 32FC75851CDF3477009855B9 /* UIView+YJCategory.m */; };
		32FC75B11CDF3477009855B9 /* _YJAlertDelegate.m in Sources */ = {isa = PBXBuildFile; fileRef = 32FC75881CDF3477009855B9 /* _YJAlertDelegate.m */; };
		32FC75B21CDF3477009855B9 /* YJCircularImageView.m in Sources */ = {isa = PBXBuildFile; fileRef = 32FC75901CDF3477009855B9 /* YJCircularImageView.m */; };
		32FC75B31CDF3477009855B9 /* YJMaskedImageView.m in Sources */ = {isa = PBXBuildFile; fileRef = 32FC75921CDF3477009855B9 /* YJMaskedImageView.m */; };
		32FC75B41CDF3477009855B9 /* YJMaskedView.m in Sources */ = {isa = PBXBuildFile; fileRef = 32FC75941CDF3477009855B9 /* YJMaskedView.m */; };
		32FC75B51CDF3477009855B9 /* YJRoundedCornerButton.m in Sources */ = {isa = PBXBuildFile; fileRef = 32FC75961CDF3477009855B9 /* YJRoundedCornerButton.m */; };
		32FC75B61CDF3477009855B9 /* YJRoundedCornerImageView.m in Sources */ = {isa = PBXBuildFile; fileRef = 32FC75981CDF3477009855B9 /* YJRoundedCornerImageView.m */; };
		32FC75B71CDF3477009855B9 /* YJRoundedCornerLabel.m in Sources */ = {isa = PBXBuildFile; fileRef = 32FC759A1CDF3477009855B9 /* YJRoundedCornerLabel.m */; };
		32FC75B81CDF3477009855B9 /* YJRoundedCornerView.m in Sources */ = {isa = PBXBuildFile; fileRef = 32FC759C1CDF3477009855B9 /* YJRoundedCornerView.m */; };
		32FC88D61CC616930060FBA7 /* YJPhotoLibrary.m in Sources */ = {isa = PBXBuildFile; fileRef = 32FC88D51CC616930060FBA7 /* YJPhotoLibrary.m */; };
		6003F58E195388D20070C39A /* Foundation.framework in Frameworks */ = {isa = PBXBuildFile; fileRef = 6003F58D195388D20070C39A /* Foundation.framework */; };
		6003F590195388D20070C39A /* CoreGraphics.framework in Frameworks */ = {isa = PBXBuildFile; fileRef = 6003F58F195388D20070C39A /* CoreGraphics.framework */; };
		6003F592195388D20070C39A /* UIKit.framework in Frameworks */ = {isa = PBXBuildFile; fileRef = 6003F591195388D20070C39A /* UIKit.framework */; };
		6003F598195388D20070C39A /* InfoPlist.strings in Resources */ = {isa = PBXBuildFile; fileRef = 6003F596195388D20070C39A /* InfoPlist.strings */; };
		6003F59A195388D20070C39A /* main.m in Sources */ = {isa = PBXBuildFile; fileRef = 6003F599195388D20070C39A /* main.m */; };
		6003F59E195388D20070C39A /* YJAppDelegate.m in Sources */ = {isa = PBXBuildFile; fileRef = 6003F59D195388D20070C39A /* YJAppDelegate.m */; };
		6003F5A7195388D20070C39A /* YJViewController.m in Sources */ = {isa = PBXBuildFile; fileRef = 6003F5A6195388D20070C39A /* YJViewController.m */; };
		6003F5A9195388D20070C39A /* Images.xcassets in Resources */ = {isa = PBXBuildFile; fileRef = 6003F5A8195388D20070C39A /* Images.xcassets */; };
		6003F5B0195388D20070C39A /* XCTest.framework in Frameworks */ = {isa = PBXBuildFile; fileRef = 6003F5AF195388D20070C39A /* XCTest.framework */; };
		6003F5B1195388D20070C39A /* Foundation.framework in Frameworks */ = {isa = PBXBuildFile; fileRef = 6003F58D195388D20070C39A /* Foundation.framework */; };
		6003F5B2195388D20070C39A /* UIKit.framework in Frameworks */ = {isa = PBXBuildFile; fileRef = 6003F591195388D20070C39A /* UIKit.framework */; };
		6003F5BA195388D20070C39A /* InfoPlist.strings in Resources */ = {isa = PBXBuildFile; fileRef = 6003F5B8195388D20070C39A /* InfoPlist.strings */; };
		6003F5BC195388D20070C39A /* Tests.m in Sources */ = {isa = PBXBuildFile; fileRef = 6003F5BB195388D20070C39A /* Tests.m */; };
/* End PBXBuildFile section */

/* Begin PBXContainerItemProxy section */
		6003F5B3195388D20070C39A /* PBXContainerItemProxy */ = {
			isa = PBXContainerItemProxy;
			containerPortal = 6003F582195388D10070C39A /* Project object */;
			proxyType = 1;
			remoteGlobalIDString = 6003F589195388D20070C39A;
			remoteInfo = YJKit;
		};
/* End PBXContainerItemProxy section */

/* Begin PBXFileReference section */
		3204F0BF1CACA98D006282DF /* Octocat.png */ = {isa = PBXFileReference; lastKnownFileType = image.png; path = Octocat.png; sourceTree = "<group>"; };
		3204F0D31CACBF1C006282DF /* LaunchScreen.xib */ = {isa = PBXFileReference; fileEncoding = 4; lastKnownFileType = file.xib; path = LaunchScreen.xib; sourceTree = "<group>"; };
		3204F0D71CACC2BA006282DF /* AVCaptureSession+YJCategory.h */ = {isa = PBXFileReference; fileEncoding = 4; lastKnownFileType = sourcecode.c.h; path = "AVCaptureSession+YJCategory.h"; sourceTree = "<group>"; };
		3204F0D81CACC2BA006282DF /* AVCaptureSession+YJCategory.m */ = {isa = PBXFileReference; fileEncoding = 4; lastKnownFileType = sourcecode.c.objc; path = "AVCaptureSession+YJCategory.m"; sourceTree = "<group>"; };
		3204F0F01CACC2BA006282DF /* YJKit.h */ = {isa = PBXFileReference; fileEncoding = 4; lastKnownFileType = sourcecode.c.h; path = YJKit.h; sourceTree = "<group>"; };
		32058DCA1CDDC4FC006AE929 /* YJMaskViewController.xib */ = {isa = PBXFileReference; fileEncoding = 4; lastKnownFileType = file.xib; path = YJMaskViewController.xib; sourceTree = "<group>"; };
		320A97EE1CA9493800485B9A /* AFTCameraUI.bundle */ = {isa = PBXFileReference; lastKnownFileType = "wrapper.plug-in"; path = AFTCameraUI.bundle; sourceTree = "<group>"; };
		324AB09E1CD1C6EE00A9DCF0 /* YJMaskViewController.h */ = {isa = PBXFileReference; fileEncoding = 4; lastKnownFileType = sourcecode.c.h; path = YJMaskViewController.h; sourceTree = "<group>"; };
		324AB09F1CD1C6EE00A9DCF0 /* YJMaskViewController.m */ = {isa = PBXFileReference; fileEncoding = 4; lastKnownFileType = sourcecode.c.objc; path = YJMaskViewController.m; sourceTree = "<group>"; };
		324AB0A71CD1EE8C00A9DCF0 /* Puppy.jpg */ = {isa = PBXFileReference; lastKnownFileType = image.jpeg; path = Puppy.jpg; sourceTree = "<group>"; };
		324E98BC1CABC75F00CFB8D3 /* YJGridViewController.h */ = {isa = PBXFileReference; fileEncoding = 4; lastKnownFileType = sourcecode.c.h; path = YJGridViewController.h; sourceTree = "<group>"; };
		324E98BD1CABC75F00CFB8D3 /* YJGridViewController.m */ = {isa = PBXFileReference; fileEncoding = 4; lastKnownFileType = sourcecode.c.objc; path = YJGridViewController.m; sourceTree = "<group>"; };
		3268A1D21CA83F5300B71E50 /* YJGeometryViewController.h */ = {isa = PBXFileReference; fileEncoding = 4; lastKnownFileType = sourcecode.c.h; path = YJGeometryViewController.h; sourceTree = "<group>"; };
		3268A1D31CA83F5300B71E50 /* YJGeometryViewController.m */ = {isa = PBXFileReference; fileEncoding = 4; lastKnownFileType = sourcecode.c.objc; path = YJGeometryViewController.m; sourceTree = "<group>"; };
		32CB4AA91CCA3C880050C01B /* YJSavingImageToAlbumViewController.h */ = {isa = PBXFileReference; fileEncoding = 4; lastKnownFileType = sourcecode.c.h; path = YJSavingImageToAlbumViewController.h; sourceTree = "<group>"; };
		32CB4AAA1CCA3C880050C01B /* YJSavingImageToAlbumViewController.m */ = {isa = PBXFileReference; fileEncoding = 4; lastKnownFileType = sourcecode.c.objc; path = YJSavingImageToAlbumViewController.m; sourceTree = "<group>"; };
		32E5D29E1CDC7DEE0070B96D /* yj_head_icon.png */ = {isa = PBXFileReference; lastKnownFileType = image.png; path = yj_head_icon.png; sourceTree = "<group>"; };
		32FC75521CDF3477009855B9 /* YJMemoryCache.h */ = {isa = PBXFileReference; fileEncoding = 4; lastKnownFileType = sourcecode.c.h; path = YJMemoryCache.h; sourceTree = "<group>"; };
		32FC75531CDF3477009855B9 /* YJMemoryCache.m */ = {isa = PBXFileReference; fileEncoding = 4; lastKnownFileType = sourcecode.c.objc; path = YJMemoryCache.m; sourceTree = "<group>"; };
		32FC75551CDF3477009855B9 /* NSArray+YJCategory.h */ = {isa = PBXFileReference; fileEncoding = 4; lastKnownFileType = sourcecode.c.h; path = "NSArray+YJCategory.h"; sourceTree = "<group>"; };
		32FC75561CDF3477009855B9 /* NSArray+YJCategory.m */ = {isa = PBXFileReference; fileEncoding = 4; lastKnownFileType = sourcecode.c.objc; path = "NSArray+YJCategory.m"; sourceTree = "<group>"; };
		32FC75571CDF3477009855B9 /* NSBundle+YJCategory.h */ = {isa = PBXFileReference; fileEncoding = 4; lastKnownFileType = sourcecode.c.h; path = "NSBundle+YJCategory.h"; sourceTree = "<group>"; };
		32FC75581CDF3477009855B9 /* NSBundle+YJCategory.m */ = {isa = PBXFileReference; fileEncoding = 4; lastKnownFileType = sourcecode.c.objc; path = "NSBundle+YJCategory.m"; sourceTree = "<group>"; };
		32FC75591CDF3477009855B9 /* NSObject+YJCategory_KVO.h */ = {isa = PBXFileReference; fileEncoding = 4; lastKnownFileType = sourcecode.c.h; path = "NSObject+YJCategory_KVO.h"; sourceTree = "<group>"; };
		32FC755A1CDF3477009855B9 /* NSObject+YJCategory_KVO.m */ = {isa = PBXFileReference; fileEncoding = 4; lastKnownFileType = sourcecode.c.objc; path = "NSObject+YJCategory_KVO.m"; sourceTree = "<group>"; };
		32FC755B1CDF3477009855B9 /* NSSet+YJCategory.h */ = {isa = PBXFileReference; fileEncoding = 4; lastKnownFileType = sourcecode.c.h; path = "NSSet+YJCategory.h"; sourceTree = "<group>"; };
		32FC755C1CDF3477009855B9 /* NSSet+YJCategory.m */ = {isa = PBXFileReference; fileEncoding = 4; lastKnownFileType = sourcecode.c.objc; path = "NSSet+YJCategory.m"; sourceTree = "<group>"; };
		32FC755D1CDF3477009855B9 /* NSTimer+YJCategory.h */ = {isa = PBXFileReference; fileEncoding = 4; lastKnownFileType = sourcecode.c.h; path = "NSTimer+YJCategory.h"; sourceTree = "<group>"; };
		32FC755E1CDF3477009855B9 /* NSTimer+YJCategory.m */ = {isa = PBXFileReference; fileEncoding = 4; lastKnownFileType = sourcecode.c.objc; path = "NSTimer+YJCategory.m"; sourceTree = "<group>"; };
		32FC75601CDF3477009855B9 /* YJConfigureMacros.h */ = {isa = PBXFileReference; fileEncoding = 4; lastKnownFileType = sourcecode.c.h; path = YJConfigureMacros.h; sourceTree = "<group>"; };
		32FC75611CDF3477009855B9 /* YJDebugMacros.h */ = {isa = PBXFileReference; fileEncoding = 4; lastKnownFileType = sourcecode.c.h; path = YJDebugMacros.h; sourceTree = "<group>"; };
		32FC75621CDF3477009855B9 /* YJExecutionMacros.h */ = {isa = PBXFileReference; fileEncoding = 4; lastKnownFileType = sourcecode.c.h; path = YJExecutionMacros.h; sourceTree = "<group>"; };
		32FC75631CDF3477009855B9 /* YJMacros.h */ = {isa = PBXFileReference; fileEncoding = 4; lastKnownFileType = sourcecode.c.h; path = YJMacros.h; sourceTree = "<group>"; };
		32FC75641CDF3477009855B9 /* YJMathMacros.h */ = {isa = PBXFileReference; fileEncoding = 4; lastKnownFileType = sourcecode.c.h; path = YJMathMacros.h; sourceTree = "<group>"; };
		32FC75651CDF3477009855B9 /* YJObjcMacros.h */ = {isa = PBXFileReference; fileEncoding = 4; lastKnownFileType = sourcecode.c.h; path = YJObjcMacros.h; sourceTree = "<group>"; };
		32FC75661CDF3477009855B9 /* YJUIMacros.h */ = {isa = PBXFileReference; fileEncoding = 4; lastKnownFileType = sourcecode.c.h; path = YJUIMacros.h; sourceTree = "<group>"; };
		32FC75681CDF3477009855B9 /* CAShapeLayer+YJCategory.h */ = {isa = PBXFileReference; fileEncoding = 4; lastKnownFileType = sourcecode.c.h; path = "CAShapeLayer+YJCategory.h"; sourceTree = "<group>"; };
		32FC75691CDF3477009855B9 /* CAShapeLayer+YJCategory.m */ = {isa = PBXFileReference; fileEncoding = 4; lastKnownFileType = sourcecode.c.objc; path = "CAShapeLayer+YJCategory.m"; sourceTree = "<group>"; };
		32FC756A1CDF3477009855B9 /* CGGeometry_YJExtension.c */ = {isa = PBXFileReference; fileEncoding = 4; lastKnownFileType = sourcecode.c.c; path = CGGeometry_YJExtension.c; sourceTree = "<group>"; };
		32FC756B1CDF3477009855B9 /* CGGeometry_YJExtension.h */ = {isa = PBXFileReference; fileEncoding = 4; lastKnownFileType = sourcecode.c.h; path = CGGeometry_YJExtension.h; sourceTree = "<group>"; };
		32FC756E1CDF3477009855B9 /* UIActionSheet+YJCategory.h */ = {isa = PBXFileReference; fileEncoding = 4; lastKnownFileType = sourcecode.c.h; path = "UIActionSheet+YJCategory.h"; sourceTree = "<group>"; };
		32FC756F1CDF3477009855B9 /* UIActionSheet+YJCategory.m */ = {isa = PBXFileReference; fileEncoding = 4; lastKnownFileType = sourcecode.c.objc; path = "UIActionSheet+YJCategory.m"; sourceTree = "<group>"; };
		32FC75701CDF3477009855B9 /* UIAlertView+YJCategory.h */ = {isa = PBXFileReference; fileEncoding = 4; lastKnownFileType = sourcecode.c.h; path = "UIAlertView+YJCategory.h"; sourceTree = "<group>"; };
		32FC75711CDF3477009855B9 /* UIAlertView+YJCategory.m */ = {isa = PBXFileReference; fileEncoding = 4; lastKnownFileType = sourcecode.c.objc; path = "UIAlertView+YJCategory.m"; sourceTree = "<group>"; };
		32FC75721CDF3477009855B9 /* UIBarButtonItem+YJCategory.h */ = {isa = PBXFileReference; fileEncoding = 4; lastKnownFileType = sourcecode.c.h; path = "UIBarButtonItem+YJCategory.h"; sourceTree = "<group>"; };
		32FC75731CDF3477009855B9 /* UIBarButtonItem+YJCategory.m */ = {isa = PBXFileReference; fileEncoding = 4; lastKnownFileType = sourcecode.c.objc; path = "UIBarButtonItem+YJCategory.m"; sourceTree = "<group>"; };
		32FC75741CDF3477009855B9 /* UIBezierPath+YJCategory.h */ = {isa = PBXFileReference; fileEncoding = 4; lastKnownFileType = sourcecode.c.h; path = "UIBezierPath+YJCategory.h"; sourceTree = "<group>"; };
		32FC75751CDF3477009855B9 /* UIBezierPath+YJCategory.m */ = {isa = PBXFileReference; fileEncoding = 4; lastKnownFileType = sourcecode.c.objc; path = "UIBezierPath+YJCategory.m"; sourceTree = "<group>"; };
		32FC75761CDF3477009855B9 /* UIColor+YJCategory.h */ = {isa = PBXFileReference; fileEncoding = 4; lastKnownFileType = sourcecode.c.h; path = "UIColor+YJCategory.h"; sourceTree = "<group>"; };
		32FC75771CDF3477009855B9 /* UIColor+YJCategory.m */ = {isa = PBXFileReference; fileEncoding = 4; lastKnownFileType = sourcecode.c.objc; path = "UIColor+YJCategory.m"; sourceTree = "<group>"; };
		32FC75781CDF3477009855B9 /* UIControl+YJCategory.h */ = {isa = PBXFileReference; fileEncoding = 4; lastKnownFileType = sourcecode.c.h; path = "UIControl+YJCategory.h"; sourceTree = "<group>"; };
		32FC75791CDF3477009855B9 /* UIControl+YJCategory.m */ = {isa = PBXFileReference; fileEncoding = 4; lastKnownFileType = sourcecode.c.objc; path = "UIControl+YJCategory.m"; sourceTree = "<group>"; };
		32FC757A1CDF3477009855B9 /* UIDevice+YJCategory.h */ = {isa = PBXFileReference; fileEncoding = 4; lastKnownFileType = sourcecode.c.h; path = "UIDevice+YJCategory.h"; sourceTree = "<group>"; };
		32FC757B1CDF3477009855B9 /* UIDevice+YJCategory.m */ = {isa = PBXFileReference; fileEncoding = 4; lastKnownFileType = sourcecode.c.objc; path = "UIDevice+YJCategory.m"; sourceTree = "<group>"; };
		32FC757C1CDF3477009855B9 /* UIGestureRecognizer+YJCategory.h */ = {isa = PBXFileReference; fileEncoding = 4; lastKnownFileType = sourcecode.c.h; path = "UIGestureRecognizer+YJCategory.h"; sourceTree = "<group>"; };
		32FC757D1CDF3477009855B9 /* UIGestureRecognizer+YJCategory.m */ = {isa = PBXFileReference; fileEncoding = 4; lastKnownFileType = sourcecode.c.objc; path = "UIGestureRecognizer+YJCategory.m"; sourceTree = "<group>"; };
		32FC757E1CDF3477009855B9 /* UIImage+YJCategory.h */ = {isa = PBXFileReference; fileEncoding = 4; lastKnownFileType = sourcecode.c.h; path = "UIImage+YJCategory.h"; sourceTree = "<group>"; };
		32FC757F1CDF3477009855B9 /* UIImage+YJCategory.m */ = {isa = PBXFileReference; fileEncoding = 4; lastKnownFileType = sourcecode.c.objc; path = "UIImage+YJCategory.m"; sourceTree = "<group>"; };
		32FC75801CDF3477009855B9 /* UIImageView+YJCategory.h */ = {isa = PBXFileReference; fileEncoding = 4; lastKnownFileType = sourcecode.c.h; path = "UIImageView+YJCategory.h"; sourceTree = "<group>"; };
		32FC75811CDF3477009855B9 /* UIImageView+YJCategory.m */ = {isa = PBXFileReference; fileEncoding = 4; lastKnownFileType = sourcecode.c.objc; path = "UIImageView+YJCategory.m"; sourceTree = "<group>"; };
		32FC75821CDF3477009855B9 /* UIScreen+YJCategory.h */ = {isa = PBXFileReference; fileEncoding = 4; lastKnownFileType = sourcecode.c.h; path = "UIScreen+YJCategory.h"; sourceTree = "<group>"; };
		32FC75831CDF3477009855B9 /* UIScreen+YJCategory.m */ = {isa = PBXFileReference; fileEncoding = 4; lastKnownFileType = sourcecode.c.objc; path = "UIScreen+YJCategory.m"; sourceTree = "<group>"; };
		32FC75841CDF3477009855B9 /* UIView+YJCategory.h */ = {isa = PBXFileReference; fileEncoding = 4; lastKnownFileType = sourcecode.c.h; path = "UIView+YJCategory.h"; sourceTree = "<group>"; };
		32FC75851CDF3477009855B9 /* UIView+YJCategory.m */ = {isa = PBXFileReference; fileEncoding = 4; lastKnownFileType = sourcecode.c.objc; path = "UIView+YJCategory.m"; sourceTree = "<group>"; };
		32FC75871CDF3477009855B9 /* _YJAlertDelegate.h */ = {isa = PBXFileReference; fileEncoding = 4; lastKnownFileType = sourcecode.c.h; path = _YJAlertDelegate.h; sourceTree = "<group>"; };
		32FC75881CDF3477009855B9 /* _YJAlertDelegate.m */ = {isa = PBXFileReference; fileEncoding = 4; lastKnownFileType = sourcecode.c.objc; path = _YJAlertDelegate.m; sourceTree = "<group>"; };
		32FC75891CDF3477009855B9 /* _YJLayerBasedMasking.h */ = {isa = PBXFileReference; fileEncoding = 4; lastKnownFileType = sourcecode.c.h; path = _YJLayerBasedMasking.h; sourceTree = "<group>"; };
		32FC758A1CDF3477009855B9 /* _YJRoundedCornerView.h */ = {isa = PBXFileReference; fileEncoding = 4; lastKnownFileType = sourcecode.c.h; path = _YJRoundedCornerView.h; sourceTree = "<group>"; };
		32FC758C1CDF3477009855B9 /* YJLayerBasedMasking.h */ = {isa = PBXFileReference; fileEncoding = 4; lastKnownFileType = sourcecode.c.h; path = YJLayerBasedMasking.h; sourceTree = "<group>"; };
		32FC758F1CDF3477009855B9 /* YJCircularImageView.h */ = {isa = PBXFileReference; fileEncoding = 4; lastKnownFileType = sourcecode.c.h; path = YJCircularImageView.h; sourceTree = "<group>"; };
		32FC75901CDF3477009855B9 /* YJCircularImageView.m */ = {isa = PBXFileReference; fileEncoding = 4; lastKnownFileType = sourcecode.c.objc; path = YJCircularImageView.m; sourceTree = "<group>"; };
		32FC75911CDF3477009855B9 /* YJMaskedImageView.h */ = {isa = PBXFileReference; fileEncoding = 4; lastKnownFileType = sourcecode.c.h; path = YJMaskedImageView.h; sourceTree = "<group>"; };
		32FC75921CDF3477009855B9 /* YJMaskedImageView.m */ = {isa = PBXFileReference; fileEncoding = 4; lastKnownFileType = sourcecode.c.objc; path = YJMaskedImageView.m; sourceTree = "<group>"; };
		32FC75931CDF3477009855B9 /* YJMaskedView.h */ = {isa = PBXFileReference; fileEncoding = 4; lastKnownFileType = sourcecode.c.h; path = YJMaskedView.h; sourceTree = "<group>"; };
		32FC75941CDF3477009855B9 /* YJMaskedView.m */ = {isa = PBXFileReference; fileEncoding = 4; lastKnownFileType = sourcecode.c.objc; path = YJMaskedView.m; sourceTree = "<group>"; };
		32FC75951CDF3477009855B9 /* YJRoundedCornerButton.h */ = {isa = PBXFileReference; fileEncoding = 4; lastKnownFileType = sourcecode.c.h; path = YJRoundedCornerButton.h; sourceTree = "<group>"; };
		32FC75961CDF3477009855B9 /* YJRoundedCornerButton.m */ = {isa = PBXFileReference; fileEncoding = 4; lastKnownFileType = sourcecode.c.objc; path = YJRoundedCornerButton.m; sourceTree = "<group>"; };
		32FC75971CDF3477009855B9 /* YJRoundedCornerImageView.h */ = {isa = PBXFileReference; fileEncoding = 4; lastKnownFileType = sourcecode.c.h; path = YJRoundedCornerImageView.h; sourceTree = "<group>"; };
		32FC75981CDF3477009855B9 /* YJRoundedCornerImageView.m */ = {isa = PBXFileReference; fileEncoding = 4; lastKnownFileType = sourcecode.c.objc; path = YJRoundedCornerImageView.m; sourceTree = "<group>"; };
		32FC75991CDF3477009855B9 /* YJRoundedCornerLabel.h */ = {isa = PBXFileReference; fileEncoding = 4; lastKnownFileType = sourcecode.c.h; path = YJRoundedCornerLabel.h; sourceTree = "<group>"; };
		32FC759A1CDF3477009855B9 /* YJRoundedCornerLabel.m */ = {isa = PBXFileReference; fileEncoding = 4; lastKnownFileType = sourcecode.c.objc; path = YJRoundedCornerLabel.m; sourceTree = "<group>"; };
		32FC759B1CDF3477009855B9 /* YJRoundedCornerView.h */ = {isa = PBXFileReference; fileEncoding = 4; lastKnownFileType = sourcecode.c.h; path = YJRoundedCornerView.h; sourceTree = "<group>"; };
		32FC759C1CDF3477009855B9 /* YJRoundedCornerView.m */ = {isa = PBXFileReference; fileEncoding = 4; lastKnownFileType = sourcecode.c.objc; path = YJRoundedCornerView.m; sourceTree = "<group>"; };
		32FC88D41CC616930060FBA7 /* YJPhotoLibrary.h */ = {isa = PBXFileReference; fileEncoding = 4; lastKnownFileType = sourcecode.c.h; path = YJPhotoLibrary.h; sourceTree = "<group>"; };
		32FC88D51CC616930060FBA7 /* YJPhotoLibrary.m */ = {isa = PBXFileReference; fileEncoding = 4; lastKnownFileType = sourcecode.c.objc; path = YJPhotoLibrary.m; sourceTree = "<group>"; };
		6003F58A195388D20070C39A /* YJKit_Example.app */ = {isa = PBXFileReference; explicitFileType = wrapper.application; includeInIndex = 0; path = YJKit_Example.app; sourceTree = BUILT_PRODUCTS_DIR; };
		6003F58D195388D20070C39A /* Foundation.framework */ = {isa = PBXFileReference; lastKnownFileType = wrapper.framework; name = Foundation.framework; path = System/Library/Frameworks/Foundation.framework; sourceTree = SDKROOT; };
		6003F58F195388D20070C39A /* CoreGraphics.framework */ = {isa = PBXFileReference; lastKnownFileType = wrapper.framework; name = CoreGraphics.framework; path = System/Library/Frameworks/CoreGraphics.framework; sourceTree = SDKROOT; };
		6003F591195388D20070C39A /* UIKit.framework */ = {isa = PBXFileReference; lastKnownFileType = wrapper.framework; name = UIKit.framework; path = System/Library/Frameworks/UIKit.framework; sourceTree = SDKROOT; };
		6003F595195388D20070C39A /* YJKit-Info.plist */ = {isa = PBXFileReference; lastKnownFileType = text.plist.xml; path = "YJKit-Info.plist"; sourceTree = "<group>"; };
		6003F597195388D20070C39A /* en */ = {isa = PBXFileReference; lastKnownFileType = text.plist.strings; name = en; path = en.lproj/InfoPlist.strings; sourceTree = "<group>"; };
		6003F599195388D20070C39A /* main.m */ = {isa = PBXFileReference; lastKnownFileType = sourcecode.c.objc; path = main.m; sourceTree = "<group>"; };
		6003F59B195388D20070C39A /* YJKit-Prefix.pch */ = {isa = PBXFileReference; lastKnownFileType = sourcecode.c.h; path = "YJKit-Prefix.pch"; sourceTree = "<group>"; };
		6003F59C195388D20070C39A /* YJAppDelegate.h */ = {isa = PBXFileReference; lastKnownFileType = sourcecode.c.h; path = YJAppDelegate.h; sourceTree = "<group>"; };
		6003F59D195388D20070C39A /* YJAppDelegate.m */ = {isa = PBXFileReference; lastKnownFileType = sourcecode.c.objc; path = YJAppDelegate.m; sourceTree = "<group>"; };
		6003F5A5195388D20070C39A /* YJViewController.h */ = {isa = PBXFileReference; lastKnownFileType = sourcecode.c.h; path = YJViewController.h; sourceTree = "<group>"; };
		6003F5A6195388D20070C39A /* YJViewController.m */ = {isa = PBXFileReference; lastKnownFileType = sourcecode.c.objc; path = YJViewController.m; sourceTree = "<group>"; };
		6003F5A8195388D20070C39A /* Images.xcassets */ = {isa = PBXFileReference; lastKnownFileType = folder.assetcatalog; path = Images.xcassets; sourceTree = "<group>"; };
		6003F5AE195388D20070C39A /* YJKit_Tests.xctest */ = {isa = PBXFileReference; explicitFileType = wrapper.cfbundle; includeInIndex = 0; path = YJKit_Tests.xctest; sourceTree = BUILT_PRODUCTS_DIR; };
		6003F5AF195388D20070C39A /* XCTest.framework */ = {isa = PBXFileReference; lastKnownFileType = wrapper.framework; name = XCTest.framework; path = Library/Frameworks/XCTest.framework; sourceTree = DEVELOPER_DIR; };
		6003F5B7195388D20070C39A /* Tests-Info.plist */ = {isa = PBXFileReference; lastKnownFileType = text.plist.xml; path = "Tests-Info.plist"; sourceTree = "<group>"; };
		6003F5B9195388D20070C39A /* en */ = {isa = PBXFileReference; lastKnownFileType = text.plist.strings; name = en; path = en.lproj/InfoPlist.strings; sourceTree = "<group>"; };
		6003F5BB195388D20070C39A /* Tests.m */ = {isa = PBXFileReference; lastKnownFileType = sourcecode.c.objc; path = Tests.m; sourceTree = "<group>"; };
		606FC2411953D9B200FFA9A0 /* Tests-Prefix.pch */ = {isa = PBXFileReference; lastKnownFileType = sourcecode.c.h; path = "Tests-Prefix.pch"; sourceTree = "<group>"; };
		A4E3619C885051E572C0483E /* LICENSE */ = {isa = PBXFileReference; includeInIndex = 1; lastKnownFileType = text; name = LICENSE; path = ../LICENSE; sourceTree = "<group>"; };
		D6627507F47E9F7BBE78AB52 /* YJKit.podspec */ = {isa = PBXFileReference; includeInIndex = 1; lastKnownFileType = text; name = YJKit.podspec; path = ../YJKit.podspec; sourceTree = "<group>"; };
		E90B7132355AB3B4DF313D99 /* README.md */ = {isa = PBXFileReference; includeInIndex = 1; lastKnownFileType = net.daringfireball.markdown; name = README.md; path = ../README.md; sourceTree = "<group>"; };
/* End PBXFileReference section */

/* Begin PBXFrameworksBuildPhase section */
		6003F587195388D20070C39A /* Frameworks */ = {
			isa = PBXFrameworksBuildPhase;
			buildActionMask = 2147483647;
			files = (
				6003F590195388D20070C39A /* CoreGraphics.framework in Frameworks */,
				6003F592195388D20070C39A /* UIKit.framework in Frameworks */,
				6003F58E195388D20070C39A /* Foundation.framework in Frameworks */,
			);
			runOnlyForDeploymentPostprocessing = 0;
		};
		6003F5AB195388D20070C39A /* Frameworks */ = {
			isa = PBXFrameworksBuildPhase;
			buildActionMask = 2147483647;
			files = (
				6003F5B0195388D20070C39A /* XCTest.framework in Frameworks */,
				6003F5B2195388D20070C39A /* UIKit.framework in Frameworks */,
				6003F5B1195388D20070C39A /* Foundation.framework in Frameworks */,
			);
			runOnlyForDeploymentPostprocessing = 0;
		};
/* End PBXFrameworksBuildPhase section */

/* Begin PBXGroup section */
		3204F0D51CACC2BA006282DF /* YJKit */ = {
			isa = PBXGroup;
			children = (
				3204F0F01CACC2BA006282DF /* YJKit.h */,
				32FC75501CDF3477009855B9 /* Base */,
				32FA12971CDC5295008CA61C /* Dependencies */,
				324AB0AC1CD2120100A9DCF0 /* Resources */,
				3204F0D61CACC2BA006282DF /* AVFoundation */,
				3204F0EF1CACC2BA006282DF /* Utility */,
			);
			name = YJKit;
			path = ../YJKit;
			sourceTree = "<group>";
		};
		3204F0D61CACC2BA006282DF /* AVFoundation */ = {
			isa = PBXGroup;
			children = (
				3204F0D71CACC2BA006282DF /* AVCaptureSession+YJCategory.h */,
				3204F0D81CACC2BA006282DF /* AVCaptureSession+YJCategory.m */,
			);
			path = AVFoundation;
			sourceTree = "<group>";
		};
		3204F0EF1CACC2BA006282DF /* Utility */ = {
			isa = PBXGroup;
			children = (
				32FC88D41CC616930060FBA7 /* YJPhotoLibrary.h */,
				32FC88D51CC616930060FBA7 /* YJPhotoLibrary.m */,
			);
			path = Utility;
			sourceTree = "<group>";
		};
		324AB0AC1CD2120100A9DCF0 /* Resources */ = {
			isa = PBXGroup;
			children = (
			);
			path = Resources;
			sourceTree = "<group>";
		};
		32FA12971CDC5295008CA61C /* Dependencies */ = {
			isa = PBXGroup;
			children = (
			);
			path = Dependencies;
			sourceTree = "<group>";
		};
		32FC75501CDF3477009855B9 /* Base */ = {
			isa = PBXGroup;
			children = (
				32FC75511CDF3477009855B9 /* Cache */,
				32FC75541CDF3477009855B9 /* Foundation */,
				32FC755F1CDF3477009855B9 /* Macros */,
				32FC75671CDF3477009855B9 /* Quartz */,
				32FC756C1CDF3477009855B9 /* UIKit */,
			);
			path = Base;
			sourceTree = "<group>";
		};
		32FC75511CDF3477009855B9 /* Cache */ = {
			isa = PBXGroup;
			children = (
				32FC75521CDF3477009855B9 /* YJMemoryCache.h */,
				32FC75531CDF3477009855B9 /* YJMemoryCache.m */,
			);
			path = Cache;
			sourceTree = "<group>";
		};
		32FC75541CDF3477009855B9 /* Foundation */ = {
			isa = PBXGroup;
			children = (
				32FC75551CDF3477009855B9 /* NSArray+YJCategory.h */,
				32FC75561CDF3477009855B9 /* NSArray+YJCategory.m */,
				32FC75571CDF3477009855B9 /* NSBundle+YJCategory.h */,
				32FC75581CDF3477009855B9 /* NSBundle+YJCategory.m */,
				32FC75591CDF3477009855B9 /* NSObject+YJCategory_KVO.h */,
				32FC755A1CDF3477009855B9 /* NSObject+YJCategory_KVO.m */,
				32FC755B1CDF3477009855B9 /* NSSet+YJCategory.h */,
				32FC755C1CDF3477009855B9 /* NSSet+YJCategory.m */,
				32FC755D1CDF3477009855B9 /* NSTimer+YJCategory.h */,
				32FC755E1CDF3477009855B9 /* NSTimer+YJCategory.m */,
			);
			path = Foundation;
			sourceTree = "<group>";
		};
		32FC755F1CDF3477009855B9 /* Macros */ = {
			isa = PBXGroup;
			children = (
				32FC75601CDF3477009855B9 /* YJConfigureMacros.h */,
				32FC75611CDF3477009855B9 /* YJDebugMacros.h */,
				32FC75621CDF3477009855B9 /* YJExecutionMacros.h */,
				32FC75631CDF3477009855B9 /* YJMacros.h */,
				32FC75641CDF3477009855B9 /* YJMathMacros.h */,
				32FC75651CDF3477009855B9 /* YJObjcMacros.h */,
				32FC75661CDF3477009855B9 /* YJUIMacros.h */,
			);
			path = Macros;
			sourceTree = "<group>";
		};
		32FC75671CDF3477009855B9 /* Quartz */ = {
			isa = PBXGroup;
			children = (
				32FC75681CDF3477009855B9 /* CAShapeLayer+YJCategory.h */,
				32FC75691CDF3477009855B9 /* CAShapeLayer+YJCategory.m */,
				32FC756A1CDF3477009855B9 /* CGGeometry_YJExtension.c */,
				32FC756B1CDF3477009855B9 /* CGGeometry_YJExtension.h */,
			);
			path = Quartz;
			sourceTree = "<group>";
		};
		32FC756C1CDF3477009855B9 /* UIKit */ = {
			isa = PBXGroup;
			children = (
				32FC756D1CDF3477009855B9 /* Categories */,
				32FC75861CDF3477009855B9 /* Privates */,
				32FC758B1CDF3477009855B9 /* Protocols */,
				32FC758D1CDF3477009855B9 /* Subclasses */,
			);
			path = UIKit;
			sourceTree = "<group>";
		};
		32FC756D1CDF3477009855B9 /* Categories */ = {
			isa = PBXGroup;
			children = (
				32FC756E1CDF3477009855B9 /* UIActionSheet+YJCategory.h */,
				32FC756F1CDF3477009855B9 /* UIActionSheet+YJCategory.m */,
				32FC75701CDF3477009855B9 /* UIAlertView+YJCategory.h */,
				32FC75711CDF3477009855B9 /* UIAlertView+YJCategory.m */,
				32FC75721CDF3477009855B9 /* UIBarButtonItem+YJCategory.h */,
				32FC75731CDF3477009855B9 /* UIBarButtonItem+YJCategory.m */,
				32FC75741CDF3477009855B9 /* UIBezierPath+YJCategory.h */,
				32FC75751CDF3477009855B9 /* UIBezierPath+YJCategory.m */,
				32FC75761CDF3477009855B9 /* UIColor+YJCategory.h */,
				32FC75771CDF3477009855B9 /* UIColor+YJCategory.m */,
				32FC75781CDF3477009855B9 /* UIControl+YJCategory.h */,
				32FC75791CDF3477009855B9 /* UIControl+YJCategory.m */,
				32FC757A1CDF3477009855B9 /* UIDevice+YJCategory.h */,
				32FC757B1CDF3477009855B9 /* UIDevice+YJCategory.m */,
				32FC757C1CDF3477009855B9 /* UIGestureRecognizer+YJCategory.h */,
				32FC757D1CDF3477009855B9 /* UIGestureRecognizer+YJCategory.m */,
				32FC757E1CDF3477009855B9 /* UIImage+YJCategory.h */,
				32FC757F1CDF3477009855B9 /* UIImage+YJCategory.m */,
				32FC75801CDF3477009855B9 /* UIImageView+YJCategory.h */,
				32FC75811CDF3477009855B9 /* UIImageView+YJCategory.m */,
				32FC75821CDF3477009855B9 /* UIScreen+YJCategory.h */,
				32FC75831CDF3477009855B9 /* UIScreen+YJCategory.m */,
				32FC75841CDF3477009855B9 /* UIView+YJCategory.h */,
				32FC75851CDF3477009855B9 /* UIView+YJCategory.m */,
			);
			path = Categories;
			sourceTree = "<group>";
		};
		32FC75861CDF3477009855B9 /* Privates */ = {
			isa = PBXGroup;
			children = (
				32FC75871CDF3477009855B9 /* _YJAlertDelegate.h */,
				32FC75881CDF3477009855B9 /* _YJAlertDelegate.m */,
				32FC75891CDF3477009855B9 /* _YJLayerBasedMasking.h */,
				32FC758A1CDF3477009855B9 /* _YJRoundedCornerView.h */,
			);
			path = Privates;
			sourceTree = "<group>";
		};
		32FC758B1CDF3477009855B9 /* Protocols */ = {
			isa = PBXGroup;
			children = (
				32FC758C1CDF3477009855B9 /* YJLayerBasedMasking.h */,
			);
			path = Protocols;
			sourceTree = "<group>";
		};
		32FC758D1CDF3477009855B9 /* Subclasses */ = {
			isa = PBXGroup;
			children = (
				32FC758E1CDF3477009855B9 /* YJLayerBasedMaskingClasses */,
			);
			path = Subclasses;
			sourceTree = "<group>";
		};
		32FC758E1CDF3477009855B9 /* YJLayerBasedMaskingClasses */ = {
			isa = PBXGroup;
			children = (
				32FC758F1CDF3477009855B9 /* YJCircularImageView.h */,
				32FC75901CDF3477009855B9 /* YJCircularImageView.m */,
				32FC75911CDF3477009855B9 /* YJMaskedImageView.h */,
				32FC75921CDF3477009855B9 /* YJMaskedImageView.m */,
				32FC75931CDF3477009855B9 /* YJMaskedView.h */,
				32FC75941CDF3477009855B9 /* YJMaskedView.m */,
				32FC75951CDF3477009855B9 /* YJRoundedCornerButton.h */,
				32FC75961CDF3477009855B9 /* YJRoundedCornerButton.m */,
				32FC75971CDF3477009855B9 /* YJRoundedCornerImageView.h */,
				32FC75981CDF3477009855B9 /* YJRoundedCornerImageView.m */,
				32FC75991CDF3477009855B9 /* YJRoundedCornerLabel.h */,
				32FC759A1CDF3477009855B9 /* YJRoundedCornerLabel.m */,
				32FC759B1CDF3477009855B9 /* YJRoundedCornerView.h */,
				32FC759C1CDF3477009855B9 /* YJRoundedCornerView.m */,
			);
			path = YJLayerBasedMaskingClasses;
			sourceTree = "<group>";
		};
		6003F581195388D10070C39A = {
			isa = PBXGroup;
			children = (
				3204F0D51CACC2BA006282DF /* YJKit */,
				60FF7A9C1954A5C5007DD14C /* Podspec Metadata */,
				6003F593195388D20070C39A /* Example for YJKit */,
				6003F5B5195388D20070C39A /* Tests */,
				6003F58C195388D20070C39A /* Frameworks */,
				6003F58B195388D20070C39A /* Products */,
			);
			sourceTree = "<group>";
		};
		6003F58B195388D20070C39A /* Products */ = {
			isa = PBXGroup;
			children = (
				6003F58A195388D20070C39A /* YJKit_Example.app */,
				6003F5AE195388D20070C39A /* YJKit_Tests.xctest */,
			);
			name = Products;
			sourceTree = "<group>";
		};
		6003F58C195388D20070C39A /* Frameworks */ = {
			isa = PBXGroup;
			children = (
				6003F58D195388D20070C39A /* Foundation.framework */,
				6003F58F195388D20070C39A /* CoreGraphics.framework */,
				6003F591195388D20070C39A /* UIKit.framework */,
				6003F5AF195388D20070C39A /* XCTest.framework */,
			);
			name = Frameworks;
			sourceTree = "<group>";
		};
		6003F593195388D20070C39A /* Example for YJKit */ = {
			isa = PBXGroup;
			children = (
				6003F59C195388D20070C39A /* YJAppDelegate.h */,
				6003F59D195388D20070C39A /* YJAppDelegate.m */,
				6003F5A5195388D20070C39A /* YJViewController.h */,
				6003F5A6195388D20070C39A /* YJViewController.m */,
				324E98BC1CABC75F00CFB8D3 /* YJGridViewController.h */,
				324E98BD1CABC75F00CFB8D3 /* YJGridViewController.m */,
				3268A1D21CA83F5300B71E50 /* YJGeometryViewController.h */,
				3268A1D31CA83F5300B71E50 /* YJGeometryViewController.m */,
				32CB4AA91CCA3C880050C01B /* YJSavingImageToAlbumViewController.h */,
				32CB4AAA1CCA3C880050C01B /* YJSavingImageToAlbumViewController.m */,
				324AB09E1CD1C6EE00A9DCF0 /* YJMaskViewController.h */,
				324AB09F1CD1C6EE00A9DCF0 /* YJMaskViewController.m */,
				32058DCA1CDDC4FC006AE929 /* YJMaskViewController.xib */,
				324AB0A71CD1EE8C00A9DCF0 /* Puppy.jpg */,
				3204F0BF1CACA98D006282DF /* Octocat.png */,
				32E5D29E1CDC7DEE0070B96D /* yj_head_icon.png */,
				6003F5A8195388D20070C39A /* Images.xcassets */,
				320A97EE1CA9493800485B9A /* AFTCameraUI.bundle */,
				6003F594195388D20070C39A /* Supporting Files */,
			);
			name = "Example for YJKit";
			path = YJKit;
			sourceTree = "<group>";
		};
		6003F594195388D20070C39A /* Supporting Files */ = {
			isa = PBXGroup;
			children = (
				6003F595195388D20070C39A /* YJKit-Info.plist */,
				6003F596195388D20070C39A /* InfoPlist.strings */,
				6003F599195388D20070C39A /* main.m */,
				6003F59B195388D20070C39A /* YJKit-Prefix.pch */,
				3204F0D31CACBF1C006282DF /* LaunchScreen.xib */,
			);
			name = "Supporting Files";
			sourceTree = "<group>";
		};
		6003F5B5195388D20070C39A /* Tests */ = {
			isa = PBXGroup;
			children = (
				6003F5BB195388D20070C39A /* Tests.m */,
				6003F5B6195388D20070C39A /* Supporting Files */,
			);
			path = Tests;
			sourceTree = "<group>";
		};
		6003F5B6195388D20070C39A /* Supporting Files */ = {
			isa = PBXGroup;
			children = (
				6003F5B7195388D20070C39A /* Tests-Info.plist */,
				6003F5B8195388D20070C39A /* InfoPlist.strings */,
				606FC2411953D9B200FFA9A0 /* Tests-Prefix.pch */,
			);
			name = "Supporting Files";
			sourceTree = "<group>";
		};
		60FF7A9C1954A5C5007DD14C /* Podspec Metadata */ = {
			isa = PBXGroup;
			children = (
				D6627507F47E9F7BBE78AB52 /* YJKit.podspec */,
				E90B7132355AB3B4DF313D99 /* README.md */,
				A4E3619C885051E572C0483E /* LICENSE */,
			);
			name = "Podspec Metadata";
			sourceTree = "<group>";
		};
/* End PBXGroup section */

/* Begin PBXNativeTarget section */
		6003F589195388D20070C39A /* YJKit_Example */ = {
			isa = PBXNativeTarget;
			buildConfigurationList = 6003F5BF195388D20070C39A /* Build configuration list for PBXNativeTarget "YJKit_Example" */;
			buildPhases = (
				6003F586195388D20070C39A /* Sources */,
				6003F587195388D20070C39A /* Frameworks */,
				6003F588195388D20070C39A /* Resources */,
			);
			buildRules = (
			);
			dependencies = (
			);
			name = YJKit_Example;
			productName = YJKit;
			productReference = 6003F58A195388D20070C39A /* YJKit_Example.app */;
			productType = "com.apple.product-type.application";
		};
		6003F5AD195388D20070C39A /* YJKit_Tests */ = {
			isa = PBXNativeTarget;
			buildConfigurationList = 6003F5C2195388D20070C39A /* Build configuration list for PBXNativeTarget "YJKit_Tests" */;
			buildPhases = (
				6003F5AA195388D20070C39A /* Sources */,
				6003F5AB195388D20070C39A /* Frameworks */,
				6003F5AC195388D20070C39A /* Resources */,
			);
			buildRules = (
			);
			dependencies = (
				6003F5B4195388D20070C39A /* PBXTargetDependency */,
			);
			name = YJKit_Tests;
			productName = YJKitTests;
			productReference = 6003F5AE195388D20070C39A /* YJKit_Tests.xctest */;
			productType = "com.apple.product-type.bundle.unit-test";
		};
/* End PBXNativeTarget section */

/* Begin PBXProject section */
		6003F582195388D10070C39A /* Project object */ = {
			isa = PBXProject;
			attributes = {
				CLASSPREFIX = YJ;
				LastUpgradeCheck = 0720;
				ORGANIZATIONNAME = "huang-kun";
				TargetAttributes = {
					6003F5AD195388D20070C39A = {
						TestTargetID = 6003F589195388D20070C39A;
					};
				};
			};
			buildConfigurationList = 6003F585195388D10070C39A /* Build configuration list for PBXProject "YJKit" */;
			compatibilityVersion = "Xcode 3.2";
			developmentRegion = English;
			hasScannedForEncodings = 0;
			knownRegions = (
				en,
				Base,
			);
			mainGroup = 6003F581195388D10070C39A;
			productRefGroup = 6003F58B195388D20070C39A /* Products */;
			projectDirPath = "";
			projectRoot = "";
			targets = (
				6003F589195388D20070C39A /* YJKit_Example */,
				6003F5AD195388D20070C39A /* YJKit_Tests */,
			);
		};
/* End PBXProject section */

/* Begin PBXResourcesBuildPhase section */
		6003F588195388D20070C39A /* Resources */ = {
			isa = PBXResourcesBuildPhase;
			buildActionMask = 2147483647;
			files = (
				3204F0D41CACBF1C006282DF /* LaunchScreen.xib in Resources */,
				6003F5A9195388D20070C39A /* Images.xcassets in Resources */,
				32E5D29F1CDC7DEE0070B96D /* yj_head_icon.png in Resources */,
				6003F598195388D20070C39A /* InfoPlist.strings in Resources */,
				320A97EF1CA9493800485B9A /* AFTCameraUI.bundle in Resources */,
				324AB0A81CD1EE8C00A9DCF0 /* Puppy.jpg in Resources */,
				3204F0C01CACA98D006282DF /* Octocat.png in Resources */,
				32058DCB1CDDC4FC006AE929 /* YJMaskViewController.xib in Resources */,
			);
			runOnlyForDeploymentPostprocessing = 0;
		};
		6003F5AC195388D20070C39A /* Resources */ = {
			isa = PBXResourcesBuildPhase;
			buildActionMask = 2147483647;
			files = (
				6003F5BA195388D20070C39A /* InfoPlist.strings in Resources */,
			);
			runOnlyForDeploymentPostprocessing = 0;
		};
/* End PBXResourcesBuildPhase section */

/* Begin PBXSourcesBuildPhase section */
		6003F586195388D20070C39A /* Sources */ = {
			isa = PBXSourcesBuildPhase;
			buildActionMask = 2147483647;
			files = (
				3204F0F11CACC2BA006282DF /* AVCaptureSession+YJCategory.m in Sources */,
				32FC75A71CDF3477009855B9 /* UIBarButtonItem+YJCategory.m in Sources */,
				32FC75AB1CDF3477009855B9 /* UIDevice+YJCategory.m in Sources */,
				32FC75A91CDF3477009855B9 /* UIColor+YJCategory.m in Sources */,
				32FC75B31CDF3477009855B9 /* YJMaskedImageView.m in Sources */,
				32FC75A81CDF3477009855B9 /* UIBezierPath+YJCategory.m in Sources */,
				32FC75B41CDF3477009855B9 /* YJMaskedView.m in Sources */,
				32FC75AA1CDF3477009855B9 /* UIControl+YJCategory.m in Sources */,
				32FC75B81CDF3477009855B9 /* YJRoundedCornerView.m in Sources */,
				324AB0A01CD1C6EE00A9DCF0 /* YJMaskViewController.m in Sources */,
				32FC75A31CDF3477009855B9 /* CAShapeLayer+YJCategory.m in Sources */,
				32FC75B71CDF3477009855B9 /* YJRoundedCornerLabel.m in Sources */,
				32CB4AAB1CCA3C880050C01B /* YJSavingImageToAlbumViewController.m in Sources */,
				32FC75B61CDF3477009855B9 /* YJRoundedCornerImageView.m in Sources */,
				32FC759F1CDF3477009855B9 /* NSBundle+YJCategory.m in Sources */,
				6003F59E195388D20070C39A /* YJAppDelegate.m in Sources */,
				32FC75A61CDF3477009855B9 /* UIAlertView+YJCategory.m in Sources */,
				32FC75AD1CDF3477009855B9 /* UIImage+YJCategory.m in Sources */,
				6003F5A7195388D20070C39A /* YJViewController.m in Sources */,
				324E98BE1CABC75F00CFB8D3 /* YJGridViewController.m in Sources */,
				32FC75A51CDF3477009855B9 /* UIActionSheet+YJCategory.m in Sources */,
				32FC759D1CDF3477009855B9 /* YJMemoryCache.m in Sources */,
				32FC75B51CDF3477009855B9 /* YJRoundedCornerButton.m in Sources */,
				32FC75B21CDF3477009855B9 /* YJCircularImageView.m in Sources */,
				6003F59A195388D20070C39A /* main.m in Sources */,
				32FC75AF1CDF3477009855B9 /* UIScreen+YJCategory.m in Sources */,
				32FC75A01CDF3477009855B9 /* NSObject+YJCategory_KVO.m in Sources */,
				32FC88D61CC616930060FBA7 /* YJPhotoLibrary.m in Sources */,
				3268A1D41CA83F5300B71E50 /* YJGeometryViewController.m in Sources */,
				32FC75A11CDF3477009855B9 /* NSSet+YJCategory.m in Sources */,
				32FC75B01CDF3477009855B9 /* UIView+YJCategory.m in Sources */,
				32FC75B11CDF3477009855B9 /* _YJAlertDelegate.m in Sources */,
				32FC75AE1CDF3477009855B9 /* UIImageView+YJCategory.m in Sources */,
				32FC75A41CDF3477009855B9 /* CGGeometry_YJExtension.c in Sources */,
				32FC759E1CDF3477009855B9 /* NSArray+YJCategory.m in Sources */,
				32FC75A21CDF3477009855B9 /* NSTimer+YJCategory.m in Sources */,
				32FC75AC1CDF3477009855B9 /* UIGestureRecognizer+YJCategory.m in Sources */,
			);
			runOnlyForDeploymentPostprocessing = 0;
		};
		6003F5AA195388D20070C39A /* Sources */ = {
			isa = PBXSourcesBuildPhase;
			buildActionMask = 2147483647;
			files = (
				6003F5BC195388D20070C39A /* Tests.m in Sources */,
			);
			runOnlyForDeploymentPostprocessing = 0;
		};
/* End PBXSourcesBuildPhase section */

/* Begin PBXTargetDependency section */
		6003F5B4195388D20070C39A /* PBXTargetDependency */ = {
			isa = PBXTargetDependency;
			target = 6003F589195388D20070C39A /* YJKit_Example */;
			targetProxy = 6003F5B3195388D20070C39A /* PBXContainerItemProxy */;
		};
/* End PBXTargetDependency section */

/* Begin PBXVariantGroup section */
		6003F596195388D20070C39A /* InfoPlist.strings */ = {
			isa = PBXVariantGroup;
			children = (
				6003F597195388D20070C39A /* en */,
			);
			name = InfoPlist.strings;
			sourceTree = "<group>";
		};
		6003F5B8195388D20070C39A /* InfoPlist.strings */ = {
			isa = PBXVariantGroup;
			children = (
				6003F5B9195388D20070C39A /* en */,
			);
			name = InfoPlist.strings;
			sourceTree = "<group>";
		};
/* End PBXVariantGroup section */

/* Begin XCBuildConfiguration section */
		6003F5BD195388D20070C39A /* Debug */ = {
			isa = XCBuildConfiguration;
			buildSettings = {
				ALWAYS_SEARCH_USER_PATHS = NO;
				CLANG_CXX_LANGUAGE_STANDARD = "gnu++0x";
				CLANG_CXX_LIBRARY = "libc++";
				CLANG_ENABLE_MODULES = YES;
				CLANG_ENABLE_OBJC_ARC = YES;
				CLANG_WARN_BOOL_CONVERSION = YES;
				CLANG_WARN_CONSTANT_CONVERSION = YES;
				CLANG_WARN_DIRECT_OBJC_ISA_USAGE = YES_ERROR;
				CLANG_WARN_EMPTY_BODY = YES;
				CLANG_WARN_ENUM_CONVERSION = YES;
				CLANG_WARN_INT_CONVERSION = YES;
				CLANG_WARN_OBJC_ROOT_CLASS = YES_ERROR;
				CLANG_WARN__DUPLICATE_METHOD_MATCH = YES;
				"CODE_SIGN_IDENTITY[sdk=iphoneos*]" = "iPhone Developer";
				COPY_PHASE_STRIP = NO;
				ENABLE_TESTABILITY = YES;
				GCC_C_LANGUAGE_STANDARD = gnu99;
				GCC_DYNAMIC_NO_PIC = NO;
				GCC_OPTIMIZATION_LEVEL = 0;
				GCC_PREPROCESSOR_DEFINITIONS = (
					"DEBUG=1",
					"$(inherited)",
				);
				GCC_SYMBOLS_PRIVATE_EXTERN = NO;
				GCC_WARN_64_TO_32_BIT_CONVERSION = YES;
				GCC_WARN_ABOUT_RETURN_TYPE = YES_ERROR;
				GCC_WARN_UNDECLARED_SELECTOR = YES;
				GCC_WARN_UNINITIALIZED_AUTOS = YES_AGGRESSIVE;
				GCC_WARN_UNUSED_FUNCTION = YES;
				GCC_WARN_UNUSED_VARIABLE = YES;
				IPHONEOS_DEPLOYMENT_TARGET = 7.0;
				ONLY_ACTIVE_ARCH = YES;
				SDKROOT = iphoneos;
				TARGETED_DEVICE_FAMILY = "1,2";
			};
			name = Debug;
		};
		6003F5BE195388D20070C39A /* Release */ = {
			isa = XCBuildConfiguration;
			buildSettings = {
				ALWAYS_SEARCH_USER_PATHS = NO;
				CLANG_CXX_LANGUAGE_STANDARD = "gnu++0x";
				CLANG_CXX_LIBRARY = "libc++";
				CLANG_ENABLE_MODULES = YES;
				CLANG_ENABLE_OBJC_ARC = YES;
				CLANG_WARN_BOOL_CONVERSION = YES;
				CLANG_WARN_CONSTANT_CONVERSION = YES;
				CLANG_WARN_DIRECT_OBJC_ISA_USAGE = YES_ERROR;
				CLANG_WARN_EMPTY_BODY = YES;
				CLANG_WARN_ENUM_CONVERSION = YES;
				CLANG_WARN_INT_CONVERSION = YES;
				CLANG_WARN_OBJC_ROOT_CLASS = YES_ERROR;
				CLANG_WARN__DUPLICATE_METHOD_MATCH = YES;
				"CODE_SIGN_IDENTITY[sdk=iphoneos*]" = "iPhone Developer";
				COPY_PHASE_STRIP = YES;
				ENABLE_NS_ASSERTIONS = NO;
				GCC_C_LANGUAGE_STANDARD = gnu99;
				GCC_WARN_64_TO_32_BIT_CONVERSION = YES;
				GCC_WARN_ABOUT_RETURN_TYPE = YES_ERROR;
				GCC_WARN_UNDECLARED_SELECTOR = YES;
				GCC_WARN_UNINITIALIZED_AUTOS = YES_AGGRESSIVE;
				GCC_WARN_UNUSED_FUNCTION = YES;
				GCC_WARN_UNUSED_VARIABLE = YES;
				IPHONEOS_DEPLOYMENT_TARGET = 7.0;
				SDKROOT = iphoneos;
				TARGETED_DEVICE_FAMILY = "1,2";
				VALIDATE_PRODUCT = YES;
			};
			name = Release;
		};
		6003F5C0195388D20070C39A /* Debug */ = {
			isa = XCBuildConfiguration;
			buildSettings = {
				ASSETCATALOG_COMPILER_APPICON_NAME = AppIcon;
				ASSETCATALOG_COMPILER_LAUNCHIMAGE_NAME = LaunchImage;
				GCC_PRECOMPILE_PREFIX_HEADER = YES;
				GCC_PREFIX_HEADER = "YJKit/YJKit-Prefix.pch";
				INFOPLIST_FILE = "YJKit/YJKit-Info.plist";
				MODULE_NAME = ExampleApp;
				PRODUCT_BUNDLE_IDENTIFIER = "org.cocoapods.demo.${PRODUCT_NAME:rfc1034identifier}";
				PRODUCT_NAME = "$(TARGET_NAME)";
				WRAPPER_EXTENSION = app;
			};
			name = Debug;
		};
		6003F5C1195388D20070C39A /* Release */ = {
			isa = XCBuildConfiguration;
			buildSettings = {
				ASSETCATALOG_COMPILER_APPICON_NAME = AppIcon;
				ASSETCATALOG_COMPILER_LAUNCHIMAGE_NAME = LaunchImage;
				GCC_PRECOMPILE_PREFIX_HEADER = YES;
				GCC_PREFIX_HEADER = "YJKit/YJKit-Prefix.pch";
				INFOPLIST_FILE = "YJKit/YJKit-Info.plist";
				MODULE_NAME = ExampleApp;
				PRODUCT_BUNDLE_IDENTIFIER = "org.cocoapods.demo.${PRODUCT_NAME:rfc1034identifier}";
				PRODUCT_NAME = "$(TARGET_NAME)";
				WRAPPER_EXTENSION = app;
			};
			name = Release;
		};
		6003F5C3195388D20070C39A /* Debug */ = {
			isa = XCBuildConfiguration;
			buildSettings = {
				BUNDLE_LOADER = "$(TEST_HOST)";
				FRAMEWORK_SEARCH_PATHS = (
					"$(SDKROOT)/Developer/Library/Frameworks",
					"$(inherited)",
					"$(DEVELOPER_FRAMEWORKS_DIR)",
				);
				GCC_PRECOMPILE_PREFIX_HEADER = YES;
				GCC_PREFIX_HEADER = "Tests/Tests-Prefix.pch";
				GCC_PREPROCESSOR_DEFINITIONS = (
					"DEBUG=1",
					"$(inherited)",
				);
				INFOPLIST_FILE = "Tests/Tests-Info.plist";
				PRODUCT_BUNDLE_IDENTIFIER = "org.cocoapods.demo.${PRODUCT_NAME:rfc1034identifier}";
				PRODUCT_NAME = "$(TARGET_NAME)";
				TEST_HOST = "$(BUILT_PRODUCTS_DIR)/YJKit_Example.app/YJKit_Example";
				WRAPPER_EXTENSION = xctest;
			};
			name = Debug;
		};
		6003F5C4195388D20070C39A /* Release */ = {
			isa = XCBuildConfiguration;
			buildSettings = {
				BUNDLE_LOADER = "$(TEST_HOST)";
				FRAMEWORK_SEARCH_PATHS = (
					"$(SDKROOT)/Developer/Library/Frameworks",
					"$(inherited)",
					"$(DEVELOPER_FRAMEWORKS_DIR)",
				);
				GCC_PRECOMPILE_PREFIX_HEADER = YES;
				GCC_PREFIX_HEADER = "Tests/Tests-Prefix.pch";
				INFOPLIST_FILE = "Tests/Tests-Info.plist";
				PRODUCT_BUNDLE_IDENTIFIER = "org.cocoapods.demo.${PRODUCT_NAME:rfc1034identifier}";
				PRODUCT_NAME = "$(TARGET_NAME)";
				TEST_HOST = "$(BUILT_PRODUCTS_DIR)/YJKit_Example.app/YJKit_Example";
				WRAPPER_EXTENSION = xctest;
			};
			name = Release;
		};
/* End XCBuildConfiguration section */

/* Begin XCConfigurationList section */
		6003F585195388D10070C39A /* Build configuration list for PBXProject "YJKit" */ = {
			isa = XCConfigurationList;
			buildConfigurations = (
				6003F5BD195388D20070C39A /* Debug */,
				6003F5BE195388D20070C39A /* Release */,
			);
			defaultConfigurationIsVisible = 0;
			defaultConfigurationName = Release;
		};
		6003F5BF195388D20070C39A /* Build configuration list for PBXNativeTarget "YJKit_Example" */ = {
			isa = XCConfigurationList;
			buildConfigurations = (
				6003F5C0195388D20070C39A /* Debug */,
				6003F5C1195388D20070C39A /* Release */,
			);
			defaultConfigurationIsVisible = 0;
			defaultConfigurationName = Release;
		};
		6003F5C2195388D20070C39A /* Build configuration list for PBXNativeTarget "YJKit_Tests" */ = {
			isa = XCConfigurationList;
			buildConfigurations = (
				6003F5C3195388D20070C39A /* Debug */,
				6003F5C4195388D20070C39A /* Release */,
			);
			defaultConfigurationIsVisible = 0;
			defaultConfigurationName = Release;
		};
/* End XCConfigurationList section */
	};
	rootObject = 6003F582195388D10070C39A /* Project object */;
}
